PODS:
  - Eureka (5.3.6)
  - HMSBroadcastExtensionSDK (0.0.2)
  - HMSSDK (0.3.2):
    - HMSWebRTC (= 1.0.4897)
  - HMSWebRTC (1.0.4897)
  - SwiftyGif (5.4.3)

DEPENDENCIES:
  - Eureka
  - HMSBroadcastExtensionSDK
  - HMSSDK
  - SwiftyGif

SPEC REPOS:
  trunk:
    - Eureka
    - HMSBroadcastExtensionSDK
    - HMSSDK
    - HMSWebRTC
    - SwiftyGif

SPEC CHECKSUMS:
  Eureka: 28ad9dec6286cd7cd601fdf8e8df39bb7356a8f4
  HMSBroadcastExtensionSDK: 2c3bf5b25453459d60799697bab1e30576690ab5
  HMSSDK: 6ec0cb6d776141f8fcd749d28b9b793357995e7f
  HMSWebRTC: aa317dbbf56a191463a90491e5e37f298f8fa29c
  SwiftyGif: 6c3eafd0ce693cad58bb63d2b2fb9bacb8552780

PODFILE CHECKSUM: 81a2bddc558f2bc4f1de2e23b31f32b7d563b9bc

COCOAPODS: 1.11.3
