PODS:
  - GoogleWebRTC (1.1.31999)
  - HMSSDK (0.0.8):
    - GoogleWebRTC (= 1.1.31999)

DEPENDENCIES:
  - HMSSDK (from `../HMSSDK.podspec`)

SPEC REPOS:
  trunk:
    - GoogleWebRTC

EXTERNAL SOURCES:
  HMSSDK:
    :path: "../HMSSDK.podspec"

SPEC CHECKSUMS:
  GoogleWebRTC: b39a78c4f5cc6b0323415b9233db03a2faa7b0f0
  HMSSDK: 17c0cf5f3c1749b995d8cc95434558f64aa46de7

PODFILE CHECKSUM: d46625b139324249268d541039005a0005b46897

COCOAPODS: 1.10.1
