// !$*UTF8*$!
{
	archiveVersion = 1;
	classes = {
	};
	objectVersion = 51;
	objects = {

/* Begin PBXBuildFile section */
		6D4F3032E0F68F6C0F664CAA /* Pods_basicvideocall.framework in Frameworks */ = {isa = PBXBuildFile; fileRef = 557712BAE53624B7FBE48BA7 /* Pods_basicvideocall.framework */; };
		9132155226B03E74002694A8 /* AppDelegate.swift in Sources */ = {isa = PBXBuildFile; fileRef = 9132155126B03E74002694A8 /* AppDelegate.swift */; };
		9132155426B03E74002694A8 /* SceneDelegate.swift in Sources */ = {isa = PBXBuildFile; fileRef = 9132155326B03E74002694A8 /* SceneDelegate.swift */; };
		9132155626B03E74002694A8 /* ViewController.swift in Sources */ = {isa = PBXBuildFile; fileRef = 9132155526B03E74002694A8 /* ViewController.swift */; };
		9132155926B03E74002694A8 /* Main.storyboard in Resources */ = {isa = PBXBuildFile; fileRef = 9132155726B03E74002694A8 /* Main.storyboard */; };
		9132155B26B03E76002694A8 /* Assets.xcassets in Resources */ = {isa = PBXBuildFile; fileRef = 9132155A26B03E76002694A8 /* Assets.xcassets */; };
		9132155E26B03E76002694A8 /* LaunchScreen.storyboard in Resources */ = {isa = PBXBuildFile; fileRef = 9132155C26B03E76002694A8 /* LaunchScreen.storyboard */; };
/* End PBXBuildFile section */

/* Begin PBXFileReference section */
		392C184E10F0CE915A32978F /* Pods-basicvideocall.debug.xcconfig */ = {isa = PBXFileReference; includeInIndex = 1; lastKnownFileType = text.xcconfig; name = "Pods-basicvideocall.debug.xcconfig"; path = "Target Support Files/Pods-basicvideocall/Pods-basicvideocall.debug.xcconfig"; sourceTree = "<group>"; };
		557712BAE53624B7FBE48BA7 /* Pods_basicvideocall.framework */ = {isa = PBXFileReference; explicitFileType = wrapper.framework; includeInIndex = 0; path = Pods_basicvideocall.framework; sourceTree = BUILT_PRODUCTS_DIR; };
		790132DC1F06D392FF8DDF70 /* Pods-basicvideocall.release.xcconfig */ = {isa = PBXFileReference; includeInIndex = 1; lastKnownFileType = text.xcconfig; name = "Pods-basicvideocall.release.xcconfig"; path = "Target Support Files/Pods-basicvideocall/Pods-basicvideocall.release.xcconfig"; sourceTree = "<group>"; };
		9132154E26B03E74002694A8 /* basicvideocall.app */ = {isa = PBXFileReference; explicitFileType = wrapper.application; includeInIndex = 0; path = basicvideocall.app; sourceTree = BUILT_PRODUCTS_DIR; };
		9132155126B03E74002694A8 /* AppDelegate.swift */ = {isa = PBXFileReference; lastKnownFileType = sourcecode.swift; path = AppDelegate.swift; sourceTree = "<group>"; };
		9132155326B03E74002694A8 /* SceneDelegate.swift */ = {isa = PBXFileReference; lastKnownFileType = sourcecode.swift; path = SceneDelegate.swift; sourceTree = "<group>"; };
		9132155526B03E74002694A8 /* ViewController.swift */ = {isa = PBXFileReference; lastKnownFileType = sourcecode.swift; path = ViewController.swift; sourceTree = "<group>"; };
		9132155826B03E74002694A8 /* Base */ = {isa = PBXFileReference; lastKnownFileType = file.storyboard; name = Base; path = Base.lproj/Main.storyboard; sourceTree = "<group>"; };
		9132155A26B03E76002694A8 /* Assets.xcassets */ = {isa = PBXFileReference; lastKnownFileType = folder.assetcatalog; path = Assets.xcassets; sourceTree = "<group>"; };
		9132155D26B03E76002694A8 /* Base */ = {isa = PBXFileReference; lastKnownFileType = file.storyboard; name = Base; path = Base.lproj/LaunchScreen.storyboard; sourceTree = "<group>"; };
		9132155F26B03E76002694A8 /* Info.plist */ = {isa = PBXFileReference; lastKnownFileType = text.plist.xml; path = Info.plist; sourceTree = "<group>"; };
/* End PBXFileReference section */

/* Begin PBXFrameworksBuildPhase section */
		9132154B26B03E74002694A8 /* Frameworks */ = {
			isa = PBXFrameworksBuildPhase;
			buildActionMask = 2147483647;
			files = (
				6D4F3032E0F68F6C0F664CAA /* Pods_basicvideocall.framework in Frameworks */,
			);
			runOnlyForDeploymentPostprocessing = 0;
		};
/* End PBXFrameworksBuildPhase section */

/* Begin PBXGroup section */
		85074B5303D336E2BF8A8CF7 /* Pods */ = {
			isa = PBXGroup;
			children = (
				392C184E10F0CE915A32978F /* Pods-basicvideocall.debug.xcconfig */,
				790132DC1F06D392FF8DDF70 /* Pods-basicvideocall.release.xcconfig */,
			);
			path = Pods;
			sourceTree = "<group>";
		};
		907C03D165796945A4529863 /* Frameworks */ = {
			isa = PBXGroup;
			children = (
				557712BAE53624B7FBE48BA7 /* Pods_basicvideocall.framework */,
			);
			name = Frameworks;
			sourceTree = "<group>";
		};
		9132154526B03E74002694A8 = {
			isa = PBXGroup;
			children = (
				9132155026B03E74002694A8 /* basicvideocall */,
				9132154F26B03E74002694A8 /* Products */,
				85074B5303D336E2BF8A8CF7 /* Pods */,
				907C03D165796945A4529863 /* Frameworks */,
			);
			sourceTree = "<group>";
		};
		9132154F26B03E74002694A8 /* Products */ = {
			isa = PBXGroup;
			children = (
				9132154E26B03E74002694A8 /* basicvideocall.app */,
			);
			name = Products;
			sourceTree = "<group>";
		};
		9132155026B03E74002694A8 /* basicvideocall */ = {
			isa = PBXGroup;
			children = (
				9132155126B03E74002694A8 /* AppDelegate.swift */,
				9132155326B03E74002694A8 /* SceneDelegate.swift */,
				9132155526B03E74002694A8 /* ViewController.swift */,
				9132155726B03E74002694A8 /* Main.storyboard */,
				9132155A26B03E76002694A8 /* Assets.xcassets */,
				9132155C26B03E76002694A8 /* LaunchScreen.storyboard */,
				9132155F26B03E76002694A8 /* Info.plist */,
			);
			path = basicvideocall;
			sourceTree = "<group>";
		};
/* End PBXGroup section */

/* Begin PBXNativeTarget section */
		9132154D26B03E74002694A8 /* basicvideocall */ = {
			isa = PBXNativeTarget;
			buildConfigurationList = 9132156226B03E76002694A8 /* Build configuration list for PBXNativeTarget "basicvideocall" */;
			buildPhases = (
				E01851193A5186822C72D539 /* [CP] Check Pods Manifest.lock */,
				9132154A26B03E74002694A8 /* Sources */,
				9132154B26B03E74002694A8 /* Frameworks */,
				9132154C26B03E74002694A8 /* Resources */,
				711C2F8717FF2A4DA9810F25 /* [CP] Embed Pods Frameworks */,
			);
			buildRules = (
			);
			dependencies = (
			);
			name = basicvideocall;
			productName = basicvideocall;
			productReference = 9132154E26B03E74002694A8 /* basicvideocall.app */;
			productType = "com.apple.product-type.application";
		};
/* End PBXNativeTarget section */

/* Begin PBXProject section */
		9132154626B03E74002694A8 /* Project object */ = {
			isa = PBXProject;
			attributes = {
				LastSwiftUpdateCheck = 1250;
				LastUpgradeCheck = 1250;
				TargetAttributes = {
					9132154D26B03E74002694A8 = {
						CreatedOnToolsVersion = 12.5.1;
					};
				};
			};
			buildConfigurationList = 9132154926B03E74002694A8 /* Build configuration list for PBXProject "basicvideocall" */;
			compatibilityVersion = "Xcode 9.3";
			developmentRegion = en;
			hasScannedForEncodings = 0;
			knownRegions = (
				en,
				Base,
			);
			mainGroup = 9132154526B03E74002694A8;
			productRefGroup = 9132154F26B03E74002694A8 /* Products */;
			projectDirPath = "";
			projectRoot = "";
			targets = (
				9132154D26B03E74002694A8 /* basicvideocall */,
			);
		};
/* End PBXProject section */

/* Begin PBXResourcesBuildPhase section */
		9132154C26B03E74002694A8 /* Resources */ = {
			isa = PBXResourcesBuildPhase;
			buildActionMask = 2147483647;
			files = (
				9132155E26B03E76002694A8 /* LaunchScreen.storyboard in Resources */,
				9132155B26B03E76002694A8 /* Assets.xcassets in Resources */,
				9132155926B03E74002694A8 /* Main.storyboard in Resources */,
			);
			runOnlyForDeploymentPostprocessing = 0;
		};
/* End PBXResourcesBuildPhase section */

/* Begin PBXShellScriptBuildPhase section */
		711C2F8717FF2A4DA9810F25 /* [CP] Embed Pods Frameworks */ = {
			isa = PBXShellScriptBuildPhase;
			buildActionMask = 2147483647;
			files = (
			);
			inputFileListPaths = (
				"${PODS_ROOT}/Target Support Files/Pods-basicvideocall/Pods-basicvideocall-frameworks-${CONFIGURATION}-input-files.xcfilelist",
			);
			name = "[CP] Embed Pods Frameworks";
			outputFileListPaths = (
				"${PODS_ROOT}/Target Support Files/Pods-basicvideocall/Pods-basicvideocall-frameworks-${CONFIGURATION}-output-files.xcfilelist",
			);
			runOnlyForDeploymentPostprocessing = 0;
			shellPath = /bin/sh;
			shellScript = "\"${PODS_ROOT}/Target Support Files/Pods-basicvideocall/Pods-basicvideocall-frameworks.sh\"\n";
			showEnvVarsInLog = 0;
		};
		E01851193A5186822C72D539 /* [CP] Check Pods Manifest.lock */ = {
			isa = PBXShellScriptBuildPhase;
			buildActionMask = 2147483647;
			files = (
			);
			inputFileListPaths = (
			);
			inputPaths = (
				"${PODS_PODFILE_DIR_PATH}/Podfile.lock",
				"${PODS_ROOT}/Manifest.lock",
			);
			name = "[CP] Check Pods Manifest.lock";
			outputFileListPaths = (
			);
			outputPaths = (
				"$(DERIVED_FILE_DIR)/Pods-basicvideocall-checkManifestLockResult.txt",
			);
			runOnlyForDeploymentPostprocessing = 0;
			shellPath = /bin/sh;
			shellScript = "diff \"${PODS_PODFILE_DIR_PATH}/Podfile.lock\" \"${PODS_ROOT}/Manifest.lock\" > /dev/null\nif [ $? != 0 ] ; then\n    # print error to STDERR\n    echo \"error: The sandbox is not in sync with the Podfile.lock. Run 'pod install' or update your CocoaPods installation.\" >&2\n    exit 1\nfi\n# This output is used by Xcode 'outputs' to avoid re-running this script phase.\necho \"SUCCESS\" > \"${SCRIPT_OUTPUT_FILE_0}\"\n";
			showEnvVarsInLog = 0;
		};
/* End PBXShellScriptBuildPhase section */

/* Begin PBXSourcesBuildPhase section */
		9132154A26B03E74002694A8 /* Sources */ = {
			isa = PBXSourcesBuildPhase;
			buildActionMask = 2147483647;
			files = (
				9132155626B03E74002694A8 /* ViewController.swift in Sources */,
				9132155226B03E74002694A8 /* AppDelegate.swift in Sources */,
				9132155426B03E74002694A8 /* SceneDelegate.swift in Sources */,
			);
			runOnlyForDeploymentPostprocessing = 0;
		};
/* End PBXSourcesBuildPhase section */

/* Begin PBXVariantGroup section */
		9132155726B03E74002694A8 /* Main.storyboard */ = {
			isa = PBXVariantGroup;
			children = (
				9132155826B03E74002694A8 /* Base */,
			);
			name = Main.storyboard;
			sourceTree = "<group>";
		};
		9132155C26B03E76002694A8 /* LaunchScreen.storyboard */ = {
			isa = PBXVariantGroup;
			children = (
				9132155D26B03E76002694A8 /* Base */,
			);
			name = LaunchScreen.storyboard;
			sourceTree = "<group>";
		};
/* End PBXVariantGroup section */

/* Begin XCBuildConfiguration section */
		9132156026B03E76002694A8 /* Debug */ = {
			isa = XCBuildConfiguration;
			buildSettings = {
				ALWAYS_SEARCH_USER_PATHS = NO;
				CLANG_ANALYZER_NONNULL = YES;
				CLANG_ANALYZER_NUMBER_OBJECT_CONVERSION = YES_AGGRESSIVE;
				CLANG_CXX_LANGUAGE_STANDARD = "gnu++14";
				CLANG_CXX_LIBRARY = "libc++";
				CLANG_ENABLE_MODULES = YES;
				CLANG_ENABLE_OBJC_ARC = YES;
				CLANG_ENABLE_OBJC_WEAK = YES;
				CLANG_WARN_BLOCK_CAPTURE_AUTORELEASING = YES;
				CLANG_WARN_BOOL_CONVERSION = YES;
				CLANG_WARN_COMMA = YES;
				CLANG_WARN_CONSTANT_CONVERSION = YES;
				CLANG_WARN_DEPRECATED_OBJC_IMPLEMENTATIONS = YES;
				CLANG_WARN_DIRECT_OBJC_ISA_USAGE = YES_ERROR;
				CLANG_WARN_DOCUMENTATION_COMMENTS = YES;
				CLANG_WARN_EMPTY_BODY = YES;
				CLANG_WARN_ENUM_CONVERSION = YES;
				CLANG_WARN_INFINITE_RECURSION = YES;
				CLANG_WARN_INT_CONVERSION = YES;
				CLANG_WARN_NON_LITERAL_NULL_CONVERSION = YES;
				CLANG_WARN_OBJC_IMPLICIT_RETAIN_SELF = YES;
				CLANG_WARN_OBJC_LITERAL_CONVERSION = YES;
				CLANG_WARN_OBJC_ROOT_CLASS = YES_ERROR;
				CLANG_WARN_QUOTED_INCLUDE_IN_FRAMEWORK_HEADER = YES;
				CLANG_WARN_RANGE_LOOP_ANALYSIS = YES;
				CLANG_WARN_STRICT_PROTOTYPES = YES;
				CLANG_WARN_SUSPICIOUS_MOVE = YES;
				CLANG_WARN_UNGUARDED_AVAILABILITY = YES_AGGRESSIVE;
				CLANG_WARN_UNREACHABLE_CODE = YES;
				CLANG_WARN__DUPLICATE_METHOD_MATCH = YES;
				COPY_PHASE_STRIP = NO;
				DEBUG_INFORMATION_FORMAT = dwarf;
				ENABLE_STRICT_OBJC_MSGSEND = YES;
				ENABLE_TESTABILITY = YES;
				GCC_C_LANGUAGE_STANDARD = gnu11;
				GCC_DYNAMIC_NO_PIC = NO;
				GCC_NO_COMMON_BLOCKS = YES;
				GCC_OPTIMIZATION_LEVEL = 0;
				GCC_PREPROCESSOR_DEFINITIONS = (
					"DEBUG=1",
					"$(inherited)",
				);
				GCC_WARN_64_TO_32_BIT_CONVERSION = YES;
				GCC_WARN_ABOUT_RETURN_TYPE = YES_ERROR;
				GCC_WARN_UNDECLARED_SELECTOR = YES;
				GCC_WARN_UNINITIALIZED_AUTOS = YES_AGGRESSIVE;
				GCC_WARN_UNUSED_FUNCTION = YES;
				GCC_WARN_UNUSED_VARIABLE = YES;
				IPHONEOS_DEPLOYMENT_TARGET = 14.5;
				MTL_ENABLE_DEBUG_INFO = INCLUDE_SOURCE;
				MTL_FAST_MATH = YES;
				ONLY_ACTIVE_ARCH = YES;
				SDKROOT = iphoneos;
				SWIFT_ACTIVE_COMPILATION_CONDITIONS = DEBUG;
				SWIFT_OPTIMIZATION_LEVEL = "-Onone";
			};
			name = Debug;
		};
		9132156126B03E76002694A8 /* Release */ = {
			isa = XCBuildConfiguration;
			buildSettings = {
				ALWAYS_SEARCH_USER_PATHS = NO;
				CLANG_ANALYZER_NONNULL = YES;
				CLANG_ANALYZER_NUMBER_OBJECT_CONVERSION = YES_AGGRESSIVE;
				CLANG_CXX_LANGUAGE_STANDARD = "gnu++14";
				CLANG_CXX_LIBRARY = "libc++";
				CLANG_ENABLE_MODULES = YES;
				CLANG_ENABLE_OBJC_ARC = YES;
				CLANG_ENABLE_OBJC_WEAK = YES;
				CLANG_WARN_BLOCK_CAPTURE_AUTORELEASING = YES;
				CLANG_WARN_BOOL_CONVERSION = YES;
				CLANG_WARN_COMMA = YES;
				CLANG_WARN_CONSTANT_CONVERSION = YES;
				CLANG_WARN_DEPRECATED_OBJC_IMPLEMENTATIONS = YES;
				CLANG_WARN_DIRECT_OBJC_ISA_USAGE = YES_ERROR;
				CLANG_WARN_DOCUMENTATION_COMMENTS = YES;
				CLANG_WARN_EMPTY_BODY = YES;
				CLANG_WARN_ENUM_CONVERSION = YES;
				CLANG_WARN_INFINITE_RECURSION = YES;
				CLANG_WARN_INT_CONVERSION = YES;
				CLANG_WARN_NON_LITERAL_NULL_CONVERSION = YES;
				CLANG_WARN_OBJC_IMPLICIT_RETAIN_SELF = YES;
				CLANG_WARN_OBJC_LITERAL_CONVERSION = YES;
				CLANG_WARN_OBJC_ROOT_CLASS = YES_ERROR;
				CLANG_WARN_QUOTED_INCLUDE_IN_FRAMEWORK_HEADER = YES;
				CLANG_WARN_RANGE_LOOP_ANALYSIS = YES;
				CLANG_WARN_STRICT_PROTOTYPES = YES;
				CLANG_WARN_SUSPICIOUS_MOVE = YES;
				CLANG_WARN_UNGUARDED_AVAILABILITY = YES_AGGRESSIVE;
				CLANG_WARN_UNREACHABLE_CODE = YES;
				CLANG_WARN__DUPLICATE_METHOD_MATCH = YES;
				COPY_PHASE_STRIP = NO;
				DEBUG_INFORMATION_FORMAT = "dwarf-with-dsym";
				ENABLE_NS_ASSERTIONS = NO;
				ENABLE_STRICT_OBJC_MSGSEND = YES;
				GCC_C_LANGUAGE_STANDARD = gnu11;
				GCC_NO_COMMON_BLOCKS = YES;
				GCC_WARN_64_TO_32_BIT_CONVERSION = YES;
				GCC_WARN_ABOUT_RETURN_TYPE = YES_ERROR;
				GCC_WARN_UNDECLARED_SELECTOR = YES;
				GCC_WARN_UNINITIALIZED_AUTOS = YES_AGGRESSIVE;
				GCC_WARN_UNUSED_FUNCTION = YES;
				GCC_WARN_UNUSED_VARIABLE = YES;
				IPHONEOS_DEPLOYMENT_TARGET = 14.5;
				MTL_ENABLE_DEBUG_INFO = NO;
				MTL_FAST_MATH = YES;
				SDKROOT = iphoneos;
				SWIFT_COMPILATION_MODE = wholemodule;
				SWIFT_OPTIMIZATION_LEVEL = "-O";
				VALIDATE_PRODUCT = YES;
			};
			name = Release;
		};
		9132156326B03E76002694A8 /* Debug */ = {
			isa = XCBuildConfiguration;
			baseConfigurationReference = 392C184E10F0CE915A32978F /* Pods-basicvideocall.debug.xcconfig */;
			buildSettings = {
				ASSETCATALOG_COMPILER_APPICON_NAME = AppIcon;
				ASSETCATALOG_COMPILER_GLOBAL_ACCENT_COLOR_NAME = AccentColor;
				CODE_SIGN_STYLE = Automatic;
				DEVELOPMENT_TEAM = "";
				ENABLE_BITCODE = NO;
				INFOPLIST_FILE = basicvideocall/Info.plist;
				LD_RUNPATH_SEARCH_PATHS = (
					"$(inherited)",
					"@executable_path/Frameworks",
				);
				PRODUCT_BUNDLE_IDENTIFIER = com.home.basicvideocall;
				PRODUCT_NAME = "$(TARGET_NAME)";
				SWIFT_VERSION = 5.0;
				TARGETED_DEVICE_FAMILY = "1,2";
			};
			name = Debug;
		};
		9132156426B03E76002694A8 /* Release */ = {
			isa = XCBuildConfiguration;
			baseConfigurationReference = 790132DC1F06D392FF8DDF70 /* Pods-basicvideocall.release.xcconfig */;
			buildSettings = {
				ASSETCATALOG_COMPILER_APPICON_NAME = AppIcon;
				ASSETCATALOG_COMPILER_GLOBAL_ACCENT_COLOR_NAME = AccentColor;
				CODE_SIGN_STYLE = Automatic;
				DEVELOPMENT_TEAM = "";
				ENABLE_BITCODE = NO;
				INFOPLIST_FILE = basicvideocall/Info.plist;
				LD_RUNPATH_SEARCH_PATHS = (
					"$(inherited)",
					"@executable_path/Frameworks",
				);
				PRODUCT_BUNDLE_IDENTIFIER = com.home.basicvideocall;
				PRODUCT_NAME = "$(TARGET_NAME)";
				SWIFT_VERSION = 5.0;
				TARGETED_DEVICE_FAMILY = "1,2";
			};
			name = Release;
		};
/* End XCBuildConfiguration section */

/* Begin XCConfigurationList section */
		9132154926B03E74002694A8 /* Build configuration list for PBXProject "basicvideocall" */ = {
			isa = XCConfigurationList;
			buildConfigurations = (
				9132156026B03E76002694A8 /* Debug */,
				9132156126B03E76002694A8 /* Release */,
			);
			defaultConfigurationIsVisible = 0;
			defaultConfigurationName = Release;
		};
		9132156226B03E76002694A8 /* Build configuration list for PBXNativeTarget "basicvideocall" */ = {
			isa = XCConfigurationList;
			buildConfigurations = (
				9132156326B03E76002694A8 /* Debug */,
				9132156426B03E76002694A8 /* Release */,
			);
			defaultConfigurationIsVisible = 0;
			defaultConfigurationName = Release;
		};
/* End XCConfigurationList section */
	};
	rootObject = 9132154626B03E74002694A8 /* Project object */;
}
