// !$*UTF8*$!
{
	archiveVersion = 1;
	classes = {
	};
	objectVersion = 51;
	objects = {

/* Begin PBXBuildFile section */
		00A387ADACCB096A23E0DA92 /* Chat.storyboard in Resources */ = {isa = PBXBuildFile; fileRef = B2895437663D375598A96BF3 /* Chat.storyboard */; };
		0D0B1DB21E90B8751520F093 /* PeersListViewController.swift in Sources */ = {isa = PBXBuildFile; fileRef = F85FF2F5F5FF73A2ECB4F521 /* PeersListViewController.swift */; };
		13D6821FB2EA02C8DBD2FA57 /* Pods_HMSSDKExampleTests.framework in Frameworks */ = {isa = PBXBuildFile; fileRef = CA770270BE79C16BC9CD558D /* Pods_HMSSDKExampleTests.framework */; };
		18EB23970E7005E469CB9332 /* NetworkQualityView.swift in Sources */ = {isa = PBXBuildFile; fileRef = A2FB818469CFE1CF58F4D74C /* NetworkQualityView.swift */; };
		19AA22554F7943D8E74741B6 /* ChatViewController.swift in Sources */ = {isa = PBXBuildFile; fileRef = 45F48E89F81EAB06B409884A /* ChatViewController.swift */; };
		1CE4C43BB4EA7DDC680037FC /* BroadcastSetupViewController.swift in Sources */ = {isa = PBXBuildFile; fileRef = EC5DF9944CCEAD707A2E708C /* BroadcastSetupViewController.swift */; };
		257821C2CA3AB544D217CE4B /* RTMPSettingsViewController.swift in Sources */ = {isa = PBXBuildFile; fileRef = 6BB429F987514E9391A9A606 /* RTMPSettingsViewController.swift */; };
		2D96C14D75916844779B533C /* Images.xcassets in Resources */ = {isa = PBXBuildFile; fileRef = 7C55D217A5281D74CF0D8733 /* Images.xcassets */; };
		2F262C7F99681F13B1AA7CE6 /* Tests.swift in Sources */ = {isa = PBXBuildFile; fileRef = 5BB7E1847EFE703460DD0302 /* Tests.swift */; };
		3ECA49F20BA2E1D64AC74DB6 /* Meeting.storyboard in Resources */ = {isa = PBXBuildFile; fileRef = 2495B8B93F454B952C45BF13 /* Meeting.storyboard */; };
		412B1E3F26E3FB0CB8D6976A /* PeersList.storyboard in Resources */ = {isa = PBXBuildFile; fileRef = EDF53578E1A99241026D0B5B /* PeersList.storyboard */; };
		45DBE95C6D70E6EFBFFFF442 /* PiPView.swift in Sources */ = {isa = PBXBuildFile; fileRef = D9FA85C2C037868F7C4A3375 /* PiPView.swift */; };
		463653C5C5439A2874218B7A /* HMSSDKInteractor.swift in Sources */ = {isa = PBXBuildFile; fileRef = C8C5DD8303D0F805B3838970 /* HMSSDKInteractor.swift */; };
		4E4796E88134EA09BCED4556 /* TokenEndpoint.swift in Sources */ = {isa = PBXBuildFile; fileRef = 570A3E3F6F07CA4EADC033FB /* TokenEndpoint.swift */; };
		51C10E23B65D21AC2223CD7B /* HLSStatsModel.swift in Sources */ = {isa = PBXBuildFile; fileRef = 14758AB98C8E9AFC61C28016 /* HLSStatsModel.swift */; };
		52C2668F8B337660F9C6B4D5 /* HMSScreenShare.appex in Embed App Extensions */ = {isa = PBXBuildFile; fileRef = 68362B1438D2D0FBB17CAB2E /* HMSScreenShare.appex */; settings = {ATTRIBUTES = (RemoveHeadersOnCopy, ); }; };
		532EC6C6063350C5AD4F545D /* SampleHandler.swift in Sources */ = {isa = PBXBuildFile; fileRef = E7971D687E57192C259F2CC3 /* SampleHandler.swift */; };
		5B274F17D6399DD36AC13F73 /* PreviewPeersListViewController.swift in Sources */ = {isa = PBXBuildFile; fileRef = 9471B8DED5A9DDEF47EFB2DA /* PreviewPeersListViewController.swift */; };
		601487372D3041DDDB5C24E2 /* HLSStreamViewController.swift in Sources */ = {isa = PBXBuildFile; fileRef = 318F2B9147A54123040112A3 /* HLSStreamViewController.swift */; };
		63CF21BB5A352D1928F7E709 /* MusicControlView.swift in Sources */ = {isa = PBXBuildFile; fileRef = F1AC5FCBB332FE761AA66DF6 /* MusicControlView.swift */; };
		69436FDEEAFE808E422000D3 /* Login.storyboard in Resources */ = {isa = PBXBuildFile; fileRef = F1DDC479FF90B33482780B48 /* Login.storyboard */; };
		719171EC2BC2494A2F59391A /* PreviewViewController.swift in Sources */ = {isa = PBXBuildFile; fileRef = 1F311ABA4605FE1F8FAE81DF /* PreviewViewController.swift */; };
		71A85ED88606A15D9D0FDA30 /* PreJoinPreviewViewController.swift in Sources */ = {isa = PBXBuildFile; fileRef = C684ACD48EE1935CDA9CB9E6 /* PreJoinPreviewViewController.swift */; };
		71EB3E3EDC82AA8204FB1C88 /* VolumeView.swift in Sources */ = {isa = PBXBuildFile; fileRef = DC78D931E551F95529846171 /* VolumeView.swift */; };
		74CA0E78100B4424C5F7783B /* GrayscaleVideoPlugin.swift in Sources */ = {isa = PBXBuildFile; fileRef = 9AD50AC179EFF9B1D9F2DBF4 /* GrayscaleVideoPlugin.swift */; };
		764FBD083F9BBEF2D5B9FE60 /* Pods_HMSScreenShare.framework in Frameworks */ = {isa = PBXBuildFile; fileRef = 2BF402C54DDDB561484F3E87 /* Pods_HMSScreenShare.framework */; };
		7CF7051C99B75F2ADDD69D9A /* Utilities.swift in Sources */ = {isa = PBXBuildFile; fileRef = 37B67C05B64874439BEBA039 /* Utilities.swift */; };
		7D18F34DE8B8055D69849D15 /* Settings.storyboard in Resources */ = {isa = PBXBuildFile; fileRef = 38D99F9FDDBC3C62ED966FC5 /* Settings.storyboard */; };
		8829D8AC2B5341DDF967C816 /* HLSStatsView.swift in Sources */ = {isa = PBXBuildFile; fileRef = 4264DF62FE37D026AA32F6A5 /* HLSStatsView.swift */; };
		8A82FD9C271BDDF778F4720D /* ChangeAllRoleViewController.swift in Sources */ = {isa = PBXBuildFile; fileRef = 50DCD61FF6645A19ACA8BFCC /* ChangeAllRoleViewController.swift */; };
		8E31E6AF52E77AAA8F51B2F3 /* RoomStateViewController.swift in Sources */ = {isa = PBXBuildFile; fileRef = 11D9F6329BC4FF18B33167D3 /* RoomStateViewController.swift */; };
		92EC1B7EF75B1E0DDF6C1B1D /* ReplayKit.framework in Frameworks */ = {isa = PBXBuildFile; fileRef = D86D7C783AA51C039047367E /* ReplayKit.framework */; };
		94677D290C7D919C38B4F938 /* RoomService.swift in Sources */ = {isa = PBXBuildFile; fileRef = AAF75728D83A676FDB104008 /* RoomService.swift */; };
		951F4CA0EE947298F01A5C01 /* ReplayKit.framework in Frameworks */ = {isa = PBXBuildFile; fileRef = D86D7C783AA51C039047367E /* ReplayKit.framework */; };
		9AECAD8B558E70BE2640C8DB /* HMSScreenShareSetupUI.appex in Embed App Extensions */ = {isa = PBXBuildFile; fileRef = 9878D375AFFA11426FF922D5 /* HMSScreenShareSetupUI.appex */; settings = {ATTRIBUTES = (RemoveHeadersOnCopy, ); }; };
		9B018DA428482158080F289B /* HLSSettingsViewController.swift in Sources */ = {isa = PBXBuildFile; fileRef = 844F36711AF26C8A7050438C /* HLSSettingsViewController.swift */; };
		A5599682E45BE5C120B231E5 /* PeersListTableViewCell.swift in Sources */ = {isa = PBXBuildFile; fileRef = 930E495C1E7339B5C767E1C3 /* PeersListTableViewCell.swift */; };
		A774163AF439A8E2914D45FF /* LaunchScreen.storyboard in Resources */ = {isa = PBXBuildFile; fileRef = BC1B8154D8407A9141EE4E46 /* LaunchScreen.storyboard */; };
		AFB263213151D7C79AA6A62A /* LoginViewController.swift in Sources */ = {isa = PBXBuildFile; fileRef = F30044D6587648034D38270D /* LoginViewController.swift */; };
		B0770E45B6B4D7092DA96923 /* Pods_HMSSDKExample.framework in Frameworks */ = {isa = PBXBuildFile; fileRef = D436357A320B74F9C974C2F3 /* Pods_HMSSDKExample.framework */; };
		B12004B282B02844BD287F6A /* ChatTableViewCell.swift in Sources */ = {isa = PBXBuildFile; fileRef = 839C01F696AC9DBDEFBF7F45 /* ChatTableViewCell.swift */; };
		B12D65205E7A03E5AAC14138 /* PeerMetadata.swift in Sources */ = {isa = PBXBuildFile; fileRef = 36580BA45140D5EFF239FBFD /* PeerMetadata.swift */; };
		B7BD3FD68510A1BE31207989 /* AppDelegate.swift in Sources */ = {isa = PBXBuildFile; fileRef = D438E8CB4B2FCCD81A3E3AD5 /* AppDelegate.swift */; };
		BB1B1A7AA6256FD71A442B09 /* ImagePreviewView.swift in Sources */ = {isa = PBXBuildFile; fileRef = B2A110E367BBA705B4747A9A /* ImagePreviewView.swift */; };
		BB30784E475EE2DD62E4DA80 /* MeetingViewModel.swift in Sources */ = {isa = PBXBuildFile; fileRef = EEDA8DB0EF73410436CD5ED2 /* MeetingViewModel.swift */; };
		BDAC920D0C308AB7E5E189A6 /* Constants.swift in Sources */ = {isa = PBXBuildFile; fileRef = 39370BD742B1814FC99AD307 /* Constants.swift */; };
		C52B0ABD176FB911059F2FED /* RolePreviewViewController.swift in Sources */ = {isa = PBXBuildFile; fileRef = 78E3BEFBBBA8DA793EE450D1 /* RolePreviewViewController.swift */; };
		C6EBA3D77538F76D749B6E04 /* PiPController.swift in Sources */ = {isa = PBXBuildFile; fileRef = 296FDED0F994AC38C7CB73B8 /* PiPController.swift */; };
		D805806EC593168F0C445EFF /* SettingsViewController.swift in Sources */ = {isa = PBXBuildFile; fileRef = 069F73498C01E61258326110 /* SettingsViewController.swift */; };
		E3349CFEC4C4C8AFAD91949C /* 100ms.gif in Resources */ = {isa = PBXBuildFile; fileRef = 7CAB1DF8205222B505502F72 /* 100ms.gif */; };
		E47F5A584542C4DE9F8FAE3F /* MeetingViewController.swift in Sources */ = {isa = PBXBuildFile; fileRef = 79A705E0C88AD22596918644 /* MeetingViewController.swift */; };
		EEBE69FFFDEF72D7ED570E6A /* FirebaseInteractor.swift in Sources */ = {isa = PBXBuildFile; fileRef = 3B498A9276B63C433E7CD712 /* FirebaseInteractor.swift */; };
		FF18AB5EB7F972F3178CA05C /* VideoCollectionViewCell.swift in Sources */ = {isa = PBXBuildFile; fileRef = 873A8FA53E6F174ACC7390D6 /* VideoCollectionViewCell.swift */; };
/* End PBXBuildFile section */

/* Begin PBXContainerItemProxy section */
		64856EE542A9E9C303DD924D /* PBXContainerItemProxy */ = {
			isa = PBXContainerItemProxy;
			containerPortal = FF6075173E51A3FF9EF4AEE5 /* Project object */;
			proxyType = 1;
			remoteGlobalIDString = 857F4A6E3942AA7F98C6FC06;
			remoteInfo = HMSSDKExample;
		};
		8C868289313FD6881F74859B /* PBXContainerItemProxy */ = {
			isa = PBXContainerItemProxy;
			containerPortal = FF6075173E51A3FF9EF4AEE5 /* Project object */;
			proxyType = 1;
			remoteGlobalIDString = 22AAAAB4C63EA5623DA60ACC;
			remoteInfo = HMSScreenShareSetupUI;
		};
		ACD8DF957816C5AE9AAB8D26 /* PBXContainerItemProxy */ = {
			isa = PBXContainerItemProxy;
			containerPortal = FF6075173E51A3FF9EF4AEE5 /* Project object */;
			proxyType = 1;
			remoteGlobalIDString = E7497A3E379BF9A65D7D9E32;
			remoteInfo = HMSScreenShare;
		};
/* End PBXContainerItemProxy section */

/* Begin PBXCopyFilesBuildPhase section */
		BB5C006D13AE609E91D7310A /* Embed App Extensions */ = {
			isa = PBXCopyFilesBuildPhase;
			buildActionMask = 2147483647;
			dstPath = "";
			dstSubfolderSpec = 13;
			files = (
				52C2668F8B337660F9C6B4D5 /* HMSScreenShare.appex in Embed App Extensions */,
				9AECAD8B558E70BE2640C8DB /* HMSScreenShareSetupUI.appex in Embed App Extensions */,
			);
			name = "Embed App Extensions";
			runOnlyForDeploymentPostprocessing = 0;
		};
/* End PBXCopyFilesBuildPhase section */

/* Begin PBXFileReference section */
		062D2EAA93B6344F1444F6C1 /* Pods-HMSSDKExampleTests.debug.xcconfig */ = {isa = PBXFileReference; includeInIndex = 1; lastKnownFileType = text.xcconfig; name = "Pods-HMSSDKExampleTests.debug.xcconfig"; path = "Target Support Files/Pods-HMSSDKExampleTests/Pods-HMSSDKExampleTests.debug.xcconfig"; sourceTree = "<group>"; };
		069F73498C01E61258326110 /* SettingsViewController.swift */ = {isa = PBXFileReference; lastKnownFileType = sourcecode.swift; path = SettingsViewController.swift; sourceTree = "<group>"; };
		075FC4EA47BA9C3584C0CB25 /* HMSScreenShare-Bridging-Header.h */ = {isa = PBXFileReference; lastKnownFileType = sourcecode.c.h; path = "HMSScreenShare-Bridging-Header.h"; sourceTree = "<group>"; };
		11D9F6329BC4FF18B33167D3 /* RoomStateViewController.swift */ = {isa = PBXFileReference; lastKnownFileType = sourcecode.swift; path = RoomStateViewController.swift; sourceTree = "<group>"; };
		14758AB98C8E9AFC61C28016 /* HLSStatsModel.swift */ = {isa = PBXFileReference; lastKnownFileType = sourcecode.swift; path = HLSStatsModel.swift; sourceTree = "<group>"; };
		1D42061C985CBCC1E0756625 /* HMSScreenShareRelease.entitlements */ = {isa = PBXFileReference; lastKnownFileType = text.plist.entitlements; path = HMSScreenShareRelease.entitlements; sourceTree = "<group>"; };
		1F311ABA4605FE1F8FAE81DF /* PreviewViewController.swift */ = {isa = PBXFileReference; lastKnownFileType = sourcecode.swift; path = PreviewViewController.swift; sourceTree = "<group>"; };
		22FEB13F1D44F9D6D34449B7 /* en */ = {isa = PBXFileReference; lastKnownFileType = text.plist.strings; name = en; path = en.lproj/Meeting.strings; sourceTree = "<group>"; };
		2764D42259AE2CA3CC0B3532 /* Base */ = {isa = PBXFileReference; lastKnownFileType = file.storyboard; name = Base; path = Base.lproj/Meeting.storyboard; sourceTree = "<group>"; };
		296FDED0F994AC38C7CB73B8 /* PiPController.swift */ = {isa = PBXFileReference; lastKnownFileType = sourcecode.swift; path = PiPController.swift; sourceTree = "<group>"; };
		2BF402C54DDDB561484F3E87 /* Pods_HMSScreenShare.framework */ = {isa = PBXFileReference; explicitFileType = wrapper.framework; includeInIndex = 0; path = Pods_HMSScreenShare.framework; sourceTree = BUILT_PRODUCTS_DIR; };
		318F2B9147A54123040112A3 /* HLSStreamViewController.swift */ = {isa = PBXFileReference; lastKnownFileType = sourcecode.swift; path = HLSStreamViewController.swift; sourceTree = "<group>"; };
		36580BA45140D5EFF239FBFD /* PeerMetadata.swift */ = {isa = PBXFileReference; lastKnownFileType = sourcecode.swift; path = PeerMetadata.swift; sourceTree = "<group>"; };
		37B67C05B64874439BEBA039 /* Utilities.swift */ = {isa = PBXFileReference; lastKnownFileType = sourcecode.swift; path = Utilities.swift; sourceTree = "<group>"; };
		39370BD742B1814FC99AD307 /* Constants.swift */ = {isa = PBXFileReference; lastKnownFileType = sourcecode.swift; path = Constants.swift; sourceTree = "<group>"; };
		3B498A9276B63C433E7CD712 /* FirebaseInteractor.swift */ = {isa = PBXFileReference; lastKnownFileType = sourcecode.swift; path = FirebaseInteractor.swift; sourceTree = "<group>"; };
		4264DF62FE37D026AA32F6A5 /* HLSStatsView.swift */ = {isa = PBXFileReference; lastKnownFileType = sourcecode.swift; path = HLSStatsView.swift; sourceTree = "<group>"; };
		4565E4A3703BB9FD5A18C65C /* Pods-HMSSDKExampleTests.release.xcconfig */ = {isa = PBXFileReference; includeInIndex = 1; lastKnownFileType = text.xcconfig; name = "Pods-HMSSDKExampleTests.release.xcconfig"; path = "Target Support Files/Pods-HMSSDKExampleTests/Pods-HMSSDKExampleTests.release.xcconfig"; sourceTree = "<group>"; };
		45F48E89F81EAB06B409884A /* ChatViewController.swift */ = {isa = PBXFileReference; lastKnownFileType = sourcecode.swift; path = ChatViewController.swift; sourceTree = "<group>"; };
		4FF1ABDAD342334F6EB3A50E /* Pods-HMSSDKExample.release.xcconfig */ = {isa = PBXFileReference; includeInIndex = 1; lastKnownFileType = text.xcconfig; name = "Pods-HMSSDKExample.release.xcconfig"; path = "Target Support Files/Pods-HMSSDKExample/Pods-HMSSDKExample.release.xcconfig"; sourceTree = "<group>"; };
		50DCD61FF6645A19ACA8BFCC /* ChangeAllRoleViewController.swift */ = {isa = PBXFileReference; lastKnownFileType = sourcecode.swift; path = ChangeAllRoleViewController.swift; sourceTree = "<group>"; };
		570A3E3F6F07CA4EADC033FB /* TokenEndpoint.swift */ = {isa = PBXFileReference; lastKnownFileType = sourcecode.swift; path = TokenEndpoint.swift; sourceTree = "<group>"; };
		5BB7E1847EFE703460DD0302 /* Tests.swift */ = {isa = PBXFileReference; lastKnownFileType = sourcecode.swift; path = Tests.swift; sourceTree = "<group>"; };
		5DEE66AA5E315C02F0B64CA4 /* Info.plist */ = {isa = PBXFileReference; lastKnownFileType = text.plist; path = Info.plist; sourceTree = "<group>"; };
		666ECFED105EB311F5B51F88 /* Base */ = {isa = PBXFileReference; lastKnownFileType = file.storyboard; name = Base; path = Base.lproj/LaunchScreen.storyboard; sourceTree = "<group>"; };
		68362B1438D2D0FBB17CAB2E /* HMSScreenShare.appex */ = {isa = PBXFileReference; includeInIndex = 0; lastKnownFileType = "wrapper.app-extension"; path = HMSScreenShare.appex; sourceTree = BUILT_PRODUCTS_DIR; };
		6BB429F987514E9391A9A606 /* RTMPSettingsViewController.swift */ = {isa = PBXFileReference; lastKnownFileType = sourcecode.swift; path = RTMPSettingsViewController.swift; sourceTree = "<group>"; };
		6C26C17725E9A9C104932406 /* Pods-HMSScreenShare.debug.xcconfig */ = {isa = PBXFileReference; includeInIndex = 1; lastKnownFileType = text.xcconfig; name = "Pods-HMSScreenShare.debug.xcconfig"; path = "Target Support Files/Pods-HMSScreenShare/Pods-HMSScreenShare.debug.xcconfig"; sourceTree = "<group>"; };
		7096554F532BA7E9F9D46F35 /* en */ = {isa = PBXFileReference; lastKnownFileType = text.plist.strings; name = en; path = en.lproj/PeersList.strings; sourceTree = "<group>"; };
		73D3BE80BEB8EB0BB860F1FD /* HMSSDKExample.app */ = {isa = PBXFileReference; includeInIndex = 0; lastKnownFileType = wrapper.application; path = HMSSDKExample.app; sourceTree = BUILT_PRODUCTS_DIR; };
		74706D8ACA796B74D500FB11 /* Pods-HMSScreenShare.release.xcconfig */ = {isa = PBXFileReference; includeInIndex = 1; lastKnownFileType = text.xcconfig; name = "Pods-HMSScreenShare.release.xcconfig"; path = "Target Support Files/Pods-HMSScreenShare/Pods-HMSScreenShare.release.xcconfig"; sourceTree = "<group>"; };
		78E3BEFBBBA8DA793EE450D1 /* RolePreviewViewController.swift */ = {isa = PBXFileReference; lastKnownFileType = sourcecode.swift; path = RolePreviewViewController.swift; sourceTree = "<group>"; };
		79A705E0C88AD22596918644 /* MeetingViewController.swift */ = {isa = PBXFileReference; lastKnownFileType = sourcecode.swift; path = MeetingViewController.swift; sourceTree = "<group>"; };
		7C55D217A5281D74CF0D8733 /* Images.xcassets */ = {isa = PBXFileReference; lastKnownFileType = folder.assetcatalog; path = Images.xcassets; sourceTree = "<group>"; };
		7CAB1DF8205222B505502F72 /* 100ms.gif */ = {isa = PBXFileReference; lastKnownFileType = image.gif; path = 100ms.gif; sourceTree = "<group>"; };
		7D2DC1AF3A52B03FC99259BD /* Info.plist */ = {isa = PBXFileReference; lastKnownFileType = text.plist; path = Info.plist; sourceTree = "<group>"; };
		80AC8C642C5B2CF3C0D6F226 /* en */ = {isa = PBXFileReference; lastKnownFileType = text.plist.strings; name = en; path = en.lproj/Settings.strings; sourceTree = "<group>"; };
		8365F6D5F5C64702E621E3B5 /* HMSScreenShare.entitlements */ = {isa = PBXFileReference; lastKnownFileType = text.plist.entitlements; path = HMSScreenShare.entitlements; sourceTree = "<group>"; };
		839C01F696AC9DBDEFBF7F45 /* ChatTableViewCell.swift */ = {isa = PBXFileReference; lastKnownFileType = sourcecode.swift; path = ChatTableViewCell.swift; sourceTree = "<group>"; };
		83D08B0A91C3679D8617E15E /* Base */ = {isa = PBXFileReference; lastKnownFileType = file.storyboard; name = Base; path = Base.lproj/Settings.storyboard; sourceTree = "<group>"; };
		844F36711AF26C8A7050438C /* HLSSettingsViewController.swift */ = {isa = PBXFileReference; lastKnownFileType = sourcecode.swift; path = HLSSettingsViewController.swift; sourceTree = "<group>"; };
		873A8FA53E6F174ACC7390D6 /* VideoCollectionViewCell.swift */ = {isa = PBXFileReference; lastKnownFileType = sourcecode.swift; path = VideoCollectionViewCell.swift; sourceTree = "<group>"; };
		880C29E34E2AE083725A26B8 /* Pods-HMSSDKExample.debug.xcconfig */ = {isa = PBXFileReference; includeInIndex = 1; lastKnownFileType = text.xcconfig; name = "Pods-HMSSDKExample.debug.xcconfig"; path = "Target Support Files/Pods-HMSSDKExample/Pods-HMSSDKExample.debug.xcconfig"; sourceTree = "<group>"; };
		8932EAE451B3B2019EBC7110 /* en */ = {isa = PBXFileReference; lastKnownFileType = text.plist.strings; name = en; path = en.lproj/Login.strings; sourceTree = "<group>"; };
		8BB09EA688E71470FC5C795B /* Base */ = {isa = PBXFileReference; lastKnownFileType = file.storyboard; name = Base; path = Base.lproj/PeersList.storyboard; sourceTree = "<group>"; };
		930E495C1E7339B5C767E1C3 /* PeersListTableViewCell.swift */ = {isa = PBXFileReference; lastKnownFileType = sourcecode.swift; path = PeersListTableViewCell.swift; sourceTree = "<group>"; };
		9471B8DED5A9DDEF47EFB2DA /* PreviewPeersListViewController.swift */ = {isa = PBXFileReference; lastKnownFileType = sourcecode.swift; path = PreviewPeersListViewController.swift; sourceTree = "<group>"; };
		953F3E54B734295797B523DC /* Info.plist */ = {isa = PBXFileReference; lastKnownFileType = text.plist; path = Info.plist; sourceTree = "<group>"; };
		9878D375AFFA11426FF922D5 /* HMSScreenShareSetupUI.appex */ = {isa = PBXFileReference; includeInIndex = 0; lastKnownFileType = "wrapper.app-extension"; path = HMSScreenShareSetupUI.appex; sourceTree = BUILT_PRODUCTS_DIR; };
		9AD50AC179EFF9B1D9F2DBF4 /* GrayscaleVideoPlugin.swift */ = {isa = PBXFileReference; lastKnownFileType = sourcecode.swift; path = GrayscaleVideoPlugin.swift; sourceTree = "<group>"; };
		A2FB818469CFE1CF58F4D74C /* NetworkQualityView.swift */ = {isa = PBXFileReference; lastKnownFileType = sourcecode.swift; path = NetworkQualityView.swift; sourceTree = "<group>"; };
		A828399BE66D9DF332EC3F57 /* Base */ = {isa = PBXFileReference; lastKnownFileType = file.storyboard; name = Base; path = Base.lproj/Login.storyboard; sourceTree = "<group>"; };
		AAF75728D83A676FDB104008 /* RoomService.swift */ = {isa = PBXFileReference; lastKnownFileType = sourcecode.swift; path = RoomService.swift; sourceTree = "<group>"; };
		B2A110E367BBA705B4747A9A /* ImagePreviewView.swift */ = {isa = PBXFileReference; lastKnownFileType = sourcecode.swift; path = ImagePreviewView.swift; sourceTree = "<group>"; };
		B3A664C02BE7AB2B547F0345 /* HMSSDKExample.entitlements */ = {isa = PBXFileReference; lastKnownFileType = text.plist.entitlements; path = HMSSDKExample.entitlements; sourceTree = "<group>"; };
		BF90789ABEE7255CAC318407 /* en */ = {isa = PBXFileReference; lastKnownFileType = text.plist.strings; name = en; path = en.lproj/Chat.strings; sourceTree = "<group>"; };
		C684ACD48EE1935CDA9CB9E6 /* PreJoinPreviewViewController.swift */ = {isa = PBXFileReference; lastKnownFileType = sourcecode.swift; path = PreJoinPreviewViewController.swift; sourceTree = "<group>"; };
		C8C5DD8303D0F805B3838970 /* HMSSDKInteractor.swift */ = {isa = PBXFileReference; lastKnownFileType = sourcecode.swift; path = HMSSDKInteractor.swift; sourceTree = "<group>"; };
		CA770270BE79C16BC9CD558D /* Pods_HMSSDKExampleTests.framework */ = {isa = PBXFileReference; explicitFileType = wrapper.framework; includeInIndex = 0; path = Pods_HMSSDKExampleTests.framework; sourceTree = BUILT_PRODUCTS_DIR; };
		D18522F7CF3061F331DA25BA /* Info.plist */ = {isa = PBXFileReference; lastKnownFileType = text.plist; path = Info.plist; sourceTree = "<group>"; };
		D436357A320B74F9C974C2F3 /* Pods_HMSSDKExample.framework */ = {isa = PBXFileReference; explicitFileType = wrapper.framework; includeInIndex = 0; path = Pods_HMSSDKExample.framework; sourceTree = BUILT_PRODUCTS_DIR; };
		D438E8CB4B2FCCD81A3E3AD5 /* AppDelegate.swift */ = {isa = PBXFileReference; lastKnownFileType = sourcecode.swift; path = AppDelegate.swift; sourceTree = "<group>"; };
		D74BA381B76C751C3584475F /* en */ = {isa = PBXFileReference; lastKnownFileType = text.plist.strings; name = en; path = en.lproj/LaunchScreen.strings; sourceTree = "<group>"; };
		D86D7C783AA51C039047367E /* ReplayKit.framework */ = {isa = PBXFileReference; lastKnownFileType = wrapper.framework; name = ReplayKit.framework; path = System/Library/Frameworks/ReplayKit.framework; sourceTree = SDKROOT; };
		D9FA85C2C037868F7C4A3375 /* PiPView.swift */ = {isa = PBXFileReference; lastKnownFileType = sourcecode.swift; path = PiPView.swift; sourceTree = "<group>"; };
		DC78D931E551F95529846171 /* VolumeView.swift */ = {isa = PBXFileReference; lastKnownFileType = sourcecode.swift; path = VolumeView.swift; sourceTree = "<group>"; };
		E2FB0F4A138DF7DE7825A4EC /* Base */ = {isa = PBXFileReference; lastKnownFileType = file.storyboard; name = Base; path = Base.lproj/Chat.storyboard; sourceTree = "<group>"; };
		E7971D687E57192C259F2CC3 /* SampleHandler.swift */ = {isa = PBXFileReference; lastKnownFileType = sourcecode.swift; path = SampleHandler.swift; sourceTree = "<group>"; };
		EC5DF9944CCEAD707A2E708C /* BroadcastSetupViewController.swift */ = {isa = PBXFileReference; lastKnownFileType = sourcecode.swift; path = BroadcastSetupViewController.swift; sourceTree = "<group>"; };
		EEDA8DB0EF73410436CD5ED2 /* MeetingViewModel.swift */ = {isa = PBXFileReference; lastKnownFileType = sourcecode.swift; path = MeetingViewModel.swift; sourceTree = "<group>"; };
		F1AC5FCBB332FE761AA66DF6 /* MusicControlView.swift */ = {isa = PBXFileReference; lastKnownFileType = sourcecode.swift; path = MusicControlView.swift; sourceTree = "<group>"; };
		F30044D6587648034D38270D /* LoginViewController.swift */ = {isa = PBXFileReference; lastKnownFileType = sourcecode.swift; path = LoginViewController.swift; sourceTree = "<group>"; };
		F6BCBBF996FAD66E0F365F15 /* HMSScreenShareSetupUI.entitlements */ = {isa = PBXFileReference; lastKnownFileType = text.plist.entitlements; path = HMSScreenShareSetupUI.entitlements; sourceTree = "<group>"; };
		F7EBE0425FB34EE832FE0FEC /* HMSSDKExampleTests.xctest */ = {isa = PBXFileReference; includeInIndex = 0; lastKnownFileType = wrapper.cfbundle; path = HMSSDKExampleTests.xctest; sourceTree = BUILT_PRODUCTS_DIR; };
		F85FF2F5F5FF73A2ECB4F521 /* PeersListViewController.swift */ = {isa = PBXFileReference; lastKnownFileType = sourcecode.swift; path = PeersListViewController.swift; sourceTree = "<group>"; };
		F88304C5A8FA0FDE4BC37220 /* HMSSDKExample-Bridging-Header.h */ = {isa = PBXFileReference; lastKnownFileType = sourcecode.c.h; path = "HMSSDKExample-Bridging-Header.h"; sourceTree = "<group>"; };
/* End PBXFileReference section */

/* Begin PBXFrameworksBuildPhase section */
		7C05F0E026AC5542CB811D99 /* Frameworks */ = {
			isa = PBXFrameworksBuildPhase;
			buildActionMask = 2147483647;
			files = (
				92EC1B7EF75B1E0DDF6C1B1D /* ReplayKit.framework in Frameworks */,
				764FBD083F9BBEF2D5B9FE60 /* Pods_HMSScreenShare.framework in Frameworks */,
			);
			runOnlyForDeploymentPostprocessing = 0;
		};
		7F342D89BEA725E1CDF39E9E /* Frameworks */ = {
			isa = PBXFrameworksBuildPhase;
			buildActionMask = 2147483647;
			files = (
				13D6821FB2EA02C8DBD2FA57 /* Pods_HMSSDKExampleTests.framework in Frameworks */,
			);
			runOnlyForDeploymentPostprocessing = 0;
		};
		8FE08F8B31242B1F52371A4A /* Frameworks */ = {
			isa = PBXFrameworksBuildPhase;
			buildActionMask = 2147483647;
			files = (
				951F4CA0EE947298F01A5C01 /* ReplayKit.framework in Frameworks */,
			);
			runOnlyForDeploymentPostprocessing = 0;
		};
		DFB35BC10BE822CDC9773334 /* Frameworks */ = {
			isa = PBXFrameworksBuildPhase;
			buildActionMask = 2147483647;
			files = (
				B0770E45B6B4D7092DA96923 /* Pods_HMSSDKExample.framework in Frameworks */,
			);
			runOnlyForDeploymentPostprocessing = 0;
		};
/* End PBXFrameworksBuildPhase section */

/* Begin PBXGroup section */
		04B636A8F527D724395CEA56 /* Frameworks */ = {
			isa = PBXGroup;
			children = (
				D86D7C783AA51C039047367E /* ReplayKit.framework */,
				D436357A320B74F9C974C2F3 /* Pods_HMSSDKExample.framework */,
				CA770270BE79C16BC9CD558D /* Pods_HMSSDKExampleTests.framework */,
				2BF402C54DDDB561484F3E87 /* Pods_HMSScreenShare.framework */,
			);
			name = Frameworks;
			sourceTree = "<group>";
		};
		075E2213BBE36A2D177FBE72 /* Menus */ = {
			isa = PBXGroup;
			children = (
				50DCD61FF6645A19ACA8BFCC /* ChangeAllRoleViewController.swift */,
				844F36711AF26C8A7050438C /* HLSSettingsViewController.swift */,
				11D9F6329BC4FF18B33167D3 /* RoomStateViewController.swift */,
				6BB429F987514E9391A9A606 /* RTMPSettingsViewController.swift */,
			);
			path = Menus;
			sourceTree = "<group>";
		};
		1300A36D52FB39055E381557 /* HMSScreenShare */ = {
			isa = PBXGroup;
			children = (
				075FC4EA47BA9C3584C0CB25 /* HMSScreenShare-Bridging-Header.h */,
				8365F6D5F5C64702E621E3B5 /* HMSScreenShare.entitlements */,
				1D42061C985CBCC1E0756625 /* HMSScreenShareRelease.entitlements */,
				5DEE66AA5E315C02F0B64CA4 /* Info.plist */,
				E7971D687E57192C259F2CC3 /* SampleHandler.swift */,
			);
			path = HMSScreenShare;
			sourceTree = "<group>";
		};
		1F80658BDEC943A9F29D9F55 /* Meeting */ = {
			isa = PBXGroup;
			children = (
				9AD50AC179EFF9B1D9F2DBF4 /* GrayscaleVideoPlugin.swift */,
				F88304C5A8FA0FDE4BC37220 /* HMSSDKExample-Bridging-Header.h */,
				C8C5DD8303D0F805B3838970 /* HMSSDKInteractor.swift */,
				B2A110E367BBA705B4747A9A /* ImagePreviewView.swift */,
				2495B8B93F454B952C45BF13 /* Meeting.storyboard */,
				79A705E0C88AD22596918644 /* MeetingViewController.swift */,
				EEDA8DB0EF73410436CD5ED2 /* MeetingViewModel.swift */,
				A2FB818469CFE1CF58F4D74C /* NetworkQualityView.swift */,
				36580BA45140D5EFF239FBFD /* PeerMetadata.swift */,
				78E3BEFBBBA8DA793EE450D1 /* RolePreviewViewController.swift */,
				AAF75728D83A676FDB104008 /* RoomService.swift */,
				873A8FA53E6F174ACC7390D6 /* VideoCollectionViewCell.swift */,
				C6A9009DB92112E511D73AB0 /* Chat */,
				A62BE02081DD3C26443A6E68 /* HLS */,
				075E2213BBE36A2D177FBE72 /* Menus */,
				F49FCC6C42B46A627A8CA7A3 /* Music Controls */,
				98280DB49088894680F925B0 /* Peers List */,
				CEE0074BED28F05309148CBF /* PiP */,
			);
			path = Meeting;
			sourceTree = "<group>";
		};
		2A989FA51EFC9B20B9710CE7 /* Pods */ = {
			isa = PBXGroup;
			children = (
				880C29E34E2AE083725A26B8 /* Pods-HMSSDKExample.debug.xcconfig */,
				4FF1ABDAD342334F6EB3A50E /* Pods-HMSSDKExample.release.xcconfig */,
				062D2EAA93B6344F1444F6C1 /* Pods-HMSSDKExampleTests.debug.xcconfig */,
				4565E4A3703BB9FD5A18C65C /* Pods-HMSSDKExampleTests.release.xcconfig */,
				6C26C17725E9A9C104932406 /* Pods-HMSScreenShare.debug.xcconfig */,
				74706D8ACA796B74D500FB11 /* Pods-HMSScreenShare.release.xcconfig */,
			);
			name = Pods;
			path = Pods;
			sourceTree = "<group>";
		};
		470C8CC42E37E5924EF7A404 = {
			isa = PBXGroup;
			children = (
				1300A36D52FB39055E381557 /* HMSScreenShare */,
				DC8901C85A0AA75655669B00 /* HMSScreenShareSetupUI */,
				8C56EB81A3D94A56DE07829F /* HMSSDKExample */,
				9FEE45121F0DC81D18D39F17 /* Tests */,
				04B636A8F527D724395CEA56 /* Frameworks */,
				92574F9EBE52FFB9B7440823 /* Products */,
				2A989FA51EFC9B20B9710CE7 /* Pods */,
			);
			sourceTree = "<group>";
		};
		5FBE9BB590C491029B9CF0E1 /* Login */ = {
			isa = PBXGroup;
			children = (
				F1DDC479FF90B33482780B48 /* Login.storyboard */,
				F30044D6587648034D38270D /* LoginViewController.swift */,
				C684ACD48EE1935CDA9CB9E6 /* PreJoinPreviewViewController.swift */,
				1F311ABA4605FE1F8FAE81DF /* PreviewViewController.swift */,
			);
			path = Login;
			sourceTree = "<group>";
		};
		7DC1B0BBC56CC4CACF2571E9 /* Stats */ = {
			isa = PBXGroup;
			children = (
				14758AB98C8E9AFC61C28016 /* HLSStatsModel.swift */,
				4264DF62FE37D026AA32F6A5 /* HLSStatsView.swift */,
			);
			path = Stats;
			sourceTree = "<group>";
		};
		8C56EB81A3D94A56DE07829F /* HMSSDKExample */ = {
			isa = PBXGroup;
			children = (
				5FBE9BB590C491029B9CF0E1 /* Login */,
				1F80658BDEC943A9F29D9F55 /* Meeting */,
				EED9BA3E66510154A3496D96 /* Settings */,
				E1CCD1DB7FFCA54D77F29DE6 /* SupportingFiles */,
			);
			path = HMSSDKExample;
			sourceTree = "<group>";
		};
		92574F9EBE52FFB9B7440823 /* Products */ = {
			isa = PBXGroup;
			children = (
				68362B1438D2D0FBB17CAB2E /* HMSScreenShare.appex */,
				9878D375AFFA11426FF922D5 /* HMSScreenShareSetupUI.appex */,
				73D3BE80BEB8EB0BB860F1FD /* HMSSDKExample.app */,
				F7EBE0425FB34EE832FE0FEC /* HMSSDKExampleTests.xctest */,
			);
			name = Products;
			sourceTree = "<group>";
		};
		98280DB49088894680F925B0 /* Peers List */ = {
			isa = PBXGroup;
			children = (
				EDF53578E1A99241026D0B5B /* PeersList.storyboard */,
				930E495C1E7339B5C767E1C3 /* PeersListTableViewCell.swift */,
				F85FF2F5F5FF73A2ECB4F521 /* PeersListViewController.swift */,
				9471B8DED5A9DDEF47EFB2DA /* PreviewPeersListViewController.swift */,
			);
			path = "Peers List";
			sourceTree = "<group>";
		};
		9FEE45121F0DC81D18D39F17 /* Tests */ = {
			isa = PBXGroup;
			children = (
				D18522F7CF3061F331DA25BA /* Info.plist */,
				5BB7E1847EFE703460DD0302 /* Tests.swift */,
			);
			path = Tests;
			sourceTree = "<group>";
		};
		A62BE02081DD3C26443A6E68 /* HLS */ = {
			isa = PBXGroup;
			children = (
				318F2B9147A54123040112A3 /* HLSStreamViewController.swift */,
				7DC1B0BBC56CC4CACF2571E9 /* Stats */,
			);
			path = HLS;
			sourceTree = "<group>";
		};
		C6A9009DB92112E511D73AB0 /* Chat */ = {
			isa = PBXGroup;
			children = (
				B2895437663D375598A96BF3 /* Chat.storyboard */,
				839C01F696AC9DBDEFBF7F45 /* ChatTableViewCell.swift */,
				45F48E89F81EAB06B409884A /* ChatViewController.swift */,
			);
			path = Chat;
			sourceTree = "<group>";
		};
		CEE0074BED28F05309148CBF /* PiP */ = {
			isa = PBXGroup;
			children = (
				296FDED0F994AC38C7CB73B8 /* PiPController.swift */,
				D9FA85C2C037868F7C4A3375 /* PiPView.swift */,
			);
			path = PiP;
			sourceTree = "<group>";
		};
		DC8901C85A0AA75655669B00 /* HMSScreenShareSetupUI */ = {
			isa = PBXGroup;
			children = (
				EC5DF9944CCEAD707A2E708C /* BroadcastSetupViewController.swift */,
				F6BCBBF996FAD66E0F365F15 /* HMSScreenShareSetupUI.entitlements */,
				7D2DC1AF3A52B03FC99259BD /* Info.plist */,
			);
			path = HMSScreenShareSetupUI;
			sourceTree = "<group>";
		};
		E1CCD1DB7FFCA54D77F29DE6 /* SupportingFiles */ = {
			isa = PBXGroup;
			children = (
				7CAB1DF8205222B505502F72 /* 100ms.gif */,
				D438E8CB4B2FCCD81A3E3AD5 /* AppDelegate.swift */,
				39370BD742B1814FC99AD307 /* Constants.swift */,
				3B498A9276B63C433E7CD712 /* FirebaseInteractor.swift */,
				B3A664C02BE7AB2B547F0345 /* HMSSDKExample.entitlements */,
				7C55D217A5281D74CF0D8733 /* Images.xcassets */,
				953F3E54B734295797B523DC /* Info.plist */,
				BC1B8154D8407A9141EE4E46 /* LaunchScreen.storyboard */,
				570A3E3F6F07CA4EADC033FB /* TokenEndpoint.swift */,
				37B67C05B64874439BEBA039 /* Utilities.swift */,
			);
			path = SupportingFiles;
			sourceTree = "<group>";
		};
		EED9BA3E66510154A3496D96 /* Settings */ = {
			isa = PBXGroup;
			children = (
				38D99F9FDDBC3C62ED966FC5 /* Settings.storyboard */,
				069F73498C01E61258326110 /* SettingsViewController.swift */,
			);
			path = Settings;
			sourceTree = "<group>";
		};
		F49FCC6C42B46A627A8CA7A3 /* Music Controls */ = {
			isa = PBXGroup;
			children = (
				F1AC5FCBB332FE761AA66DF6 /* MusicControlView.swift */,
				DC78D931E551F95529846171 /* VolumeView.swift */,
			);
			path = "Music Controls";
			sourceTree = "<group>";
		};
/* End PBXGroup section */

/* Begin PBXNativeTarget section */
		13B6001ED42A260666748A89 /* HMSSDKExampleTests */ = {
			isa = PBXNativeTarget;
			buildConfigurationList = EE8380592D78EAB1246CBFDD /* Build configuration list for PBXNativeTarget "HMSSDKExampleTests" */;
			buildPhases = (
				1F2844B6F7503EBB7D60B995 /* [CP] Check Pods Manifest.lock */,
				1BDFB3A26CBE332B9ABCD5CC /* Sources */,
				7F342D89BEA725E1CDF39E9E /* Frameworks */,
			);
			buildRules = (
			);
			dependencies = (
				9C0C042E3565DF2EE3373DA4 /* PBXTargetDependency */,
			);
			name = HMSSDKExampleTests;
			productName = HMSSDKExampleTests;
			productReference = F7EBE0425FB34EE832FE0FEC /* HMSSDKExampleTests.xctest */;
			productType = "com.apple.product-type.bundle.unit-test";
		};
		22AAAAB4C63EA5623DA60ACC /* HMSScreenShareSetupUI */ = {
			isa = PBXNativeTarget;
			buildConfigurationList = 5509D6539B5409E64BE21353 /* Build configuration list for PBXNativeTarget "HMSScreenShareSetupUI" */;
			buildPhases = (
				DD7F110B2F8394902FC29320 /* Sources */,
				8FE08F8B31242B1F52371A4A /* Frameworks */,
			);
			buildRules = (
			);
			dependencies = (
			);
			name = HMSScreenShareSetupUI;
			productName = HMSScreenShareSetupUI;
			productReference = 9878D375AFFA11426FF922D5 /* HMSScreenShareSetupUI.appex */;
			productType = "com.apple.product-type.app-extension";
		};
		857F4A6E3942AA7F98C6FC06 /* HMSSDKExample */ = {
			isa = PBXNativeTarget;
			buildConfigurationList = 50E5BCF9AC71D999A04D6C82 /* Build configuration list for PBXNativeTarget "HMSSDKExample" */;
			buildPhases = (
				5B6E362CA8F491F803DC752E /* [CP] Check Pods Manifest.lock */,
				E718EE2B864DF36B9EC96F17 /* Sources */,
				494D8C70E3A113C51CEB1739 /* Resources */,
				BB5C006D13AE609E91D7310A /* Embed App Extensions */,
				DFB35BC10BE822CDC9773334 /* Frameworks */,
				C378B7056F4EF5C2394B8067 /* [CP] Embed Pods Frameworks */,
			);
			buildRules = (
			);
			dependencies = (
				E855B589737C3D012243D505 /* PBXTargetDependency */,
				C7D6311A50DFC0222700A7B1 /* PBXTargetDependency */,
			);
			name = HMSSDKExample;
			productName = HMSSDKExample;
			productReference = 73D3BE80BEB8EB0BB860F1FD /* HMSSDKExample.app */;
			productType = "com.apple.product-type.application";
		};
		E7497A3E379BF9A65D7D9E32 /* HMSScreenShare */ = {
			isa = PBXNativeTarget;
			buildConfigurationList = FD5AF66CF5C0A042F211BCD3 /* Build configuration list for PBXNativeTarget "HMSScreenShare" */;
			buildPhases = (
				C8F4FA48AA4176CA2D2D63F9 /* [CP] Check Pods Manifest.lock */,
				AB611BE5E6C1A7BF4C7C1541 /* Sources */,
				7C05F0E026AC5542CB811D99 /* Frameworks */,
			);
			buildRules = (
			);
			dependencies = (
			);
			name = HMSScreenShare;
			productName = HMSScreenShare;
			productReference = 68362B1438D2D0FBB17CAB2E /* HMSScreenShare.appex */;
			productType = "com.apple.product-type.app-extension";
		};
/* End PBXNativeTarget section */

/* Begin PBXProject section */
		FF6075173E51A3FF9EF4AEE5 /* Project object */ = {
			isa = PBXProject;
			attributes = {
				LastUpgradeCheck = 1200;
				TargetAttributes = {
					22AAAAB4C63EA5623DA60ACC = {
						DevelopmentTeam = 5N85PP82A9;
						ProvisioningStyle = Manual;
					};
					857F4A6E3942AA7F98C6FC06 = {
						DevelopmentTeam = 5N85PP82A9;
						ProvisioningStyle = Manual;
					};
					E7497A3E379BF9A65D7D9E32 = {
						DevelopmentTeam = 5N85PP82A9;
						ProvisioningStyle = Manual;
					};
				};
			};
			buildConfigurationList = 2ECBBFA07BCCACB478DC287A /* Build configuration list for PBXProject "HMSSDKExample" */;
			compatibilityVersion = "Xcode 11.0";
			developmentRegion = en;
			hasScannedForEncodings = 0;
			knownRegions = (
				Base,
				en,
			);
			mainGroup = 470C8CC42E37E5924EF7A404;
			productRefGroup = 92574F9EBE52FFB9B7440823 /* Products */;
			projectDirPath = "";
			projectRoot = "";
			targets = (
				857F4A6E3942AA7F98C6FC06 /* HMSSDKExample */,
				13B6001ED42A260666748A89 /* HMSSDKExampleTests */,
				E7497A3E379BF9A65D7D9E32 /* HMSScreenShare */,
				22AAAAB4C63EA5623DA60ACC /* HMSScreenShareSetupUI */,
			);
		};
/* End PBXProject section */

/* Begin PBXResourcesBuildPhase section */
		494D8C70E3A113C51CEB1739 /* Resources */ = {
			isa = PBXResourcesBuildPhase;
			buildActionMask = 2147483647;
			files = (
				E3349CFEC4C4C8AFAD91949C /* 100ms.gif in Resources */,
				00A387ADACCB096A23E0DA92 /* Chat.storyboard in Resources */,
				2D96C14D75916844779B533C /* Images.xcassets in Resources */,
				A774163AF439A8E2914D45FF /* LaunchScreen.storyboard in Resources */,
				69436FDEEAFE808E422000D3 /* Login.storyboard in Resources */,
				3ECA49F20BA2E1D64AC74DB6 /* Meeting.storyboard in Resources */,
				412B1E3F26E3FB0CB8D6976A /* PeersList.storyboard in Resources */,
				7D18F34DE8B8055D69849D15 /* Settings.storyboard in Resources */,
			);
			runOnlyForDeploymentPostprocessing = 0;
		};
/* End PBXResourcesBuildPhase section */

/* Begin PBXShellScriptBuildPhase section */
		1F2844B6F7503EBB7D60B995 /* [CP] Check Pods Manifest.lock */ = {
			isa = PBXShellScriptBuildPhase;
			buildActionMask = 2147483647;
			files = (
			);
			inputFileListPaths = (
			);
			inputPaths = (
				"${PODS_PODFILE_DIR_PATH}/Podfile.lock",
				"${PODS_ROOT}/Manifest.lock",
			);
			name = "[CP] Check Pods Manifest.lock";
			outputFileListPaths = (
			);
			outputPaths = (
				"$(DERIVED_FILE_DIR)/Pods-HMSSDKExampleTests-checkManifestLockResult.txt",
			);
			runOnlyForDeploymentPostprocessing = 0;
			shellPath = /bin/sh;
			shellScript = "diff \"${PODS_PODFILE_DIR_PATH}/Podfile.lock\" \"${PODS_ROOT}/Manifest.lock\" > /dev/null\nif [ $? != 0 ] ; then\n    # print error to STDERR\n    echo \"error: The sandbox is not in sync with the Podfile.lock. Run 'pod install' or update your CocoaPods installation.\" >&2\n    exit 1\nfi\n# This output is used by Xcode 'outputs' to avoid re-running this script phase.\necho \"SUCCESS\" > \"${SCRIPT_OUTPUT_FILE_0}\"\n";
			showEnvVarsInLog = 0;
		};
		5B6E362CA8F491F803DC752E /* [CP] Check Pods Manifest.lock */ = {
			isa = PBXShellScriptBuildPhase;
			buildActionMask = 2147483647;
			files = (
			);
			inputFileListPaths = (
			);
			inputPaths = (
				"${PODS_PODFILE_DIR_PATH}/Podfile.lock",
				"${PODS_ROOT}/Manifest.lock",
			);
			name = "[CP] Check Pods Manifest.lock";
			outputFileListPaths = (
			);
			outputPaths = (
				"$(DERIVED_FILE_DIR)/Pods-HMSSDKExample-checkManifestLockResult.txt",
			);
			runOnlyForDeploymentPostprocessing = 0;
			shellPath = /bin/sh;
			shellScript = "diff \"${PODS_PODFILE_DIR_PATH}/Podfile.lock\" \"${PODS_ROOT}/Manifest.lock\" > /dev/null\nif [ $? != 0 ] ; then\n    # print error to STDERR\n    echo \"error: The sandbox is not in sync with the Podfile.lock. Run 'pod install' or update your CocoaPods installation.\" >&2\n    exit 1\nfi\n# This output is used by Xcode 'outputs' to avoid re-running this script phase.\necho \"SUCCESS\" > \"${SCRIPT_OUTPUT_FILE_0}\"\n";
			showEnvVarsInLog = 0;
		};
		C378B7056F4EF5C2394B8067 /* [CP] Embed Pods Frameworks */ = {
			isa = PBXShellScriptBuildPhase;
			buildActionMask = 2147483647;
			files = (
			);
			inputFileListPaths = (
				"${PODS_ROOT}/Target Support Files/Pods-HMSSDKExample/Pods-HMSSDKExample-frameworks-${CONFIGURATION}-input-files.xcfilelist",
			);
			name = "[CP] Embed Pods Frameworks";
			outputFileListPaths = (
				"${PODS_ROOT}/Target Support Files/Pods-HMSSDKExample/Pods-HMSSDKExample-frameworks-${CONFIGURATION}-output-files.xcfilelist",
			);
			runOnlyForDeploymentPostprocessing = 0;
			shellPath = /bin/sh;
			shellScript = "\"${PODS_ROOT}/Target Support Files/Pods-HMSSDKExample/Pods-HMSSDKExample-frameworks.sh\"\n";
			showEnvVarsInLog = 0;
		};
		C8F4FA48AA4176CA2D2D63F9 /* [CP] Check Pods Manifest.lock */ = {
			isa = PBXShellScriptBuildPhase;
			buildActionMask = 2147483647;
			files = (
			);
			inputFileListPaths = (
			);
			inputPaths = (
				"${PODS_PODFILE_DIR_PATH}/Podfile.lock",
				"${PODS_ROOT}/Manifest.lock",
			);
			name = "[CP] Check Pods Manifest.lock";
			outputFileListPaths = (
			);
			outputPaths = (
				"$(DERIVED_FILE_DIR)/Pods-HMSScreenShare-checkManifestLockResult.txt",
			);
			runOnlyForDeploymentPostprocessing = 0;
			shellPath = /bin/sh;
			shellScript = "diff \"${PODS_PODFILE_DIR_PATH}/Podfile.lock\" \"${PODS_ROOT}/Manifest.lock\" > /dev/null\nif [ $? != 0 ] ; then\n    # print error to STDERR\n    echo \"error: The sandbox is not in sync with the Podfile.lock. Run 'pod install' or update your CocoaPods installation.\" >&2\n    exit 1\nfi\n# This output is used by Xcode 'outputs' to avoid re-running this script phase.\necho \"SUCCESS\" > \"${SCRIPT_OUTPUT_FILE_0}\"\n";
			showEnvVarsInLog = 0;
		};
/* End PBXShellScriptBuildPhase section */

/* Begin PBXSourcesBuildPhase section */
		1BDFB3A26CBE332B9ABCD5CC /* Sources */ = {
			isa = PBXSourcesBuildPhase;
			buildActionMask = 2147483647;
			files = (
				2F262C7F99681F13B1AA7CE6 /* Tests.swift in Sources */,
			);
			runOnlyForDeploymentPostprocessing = 0;
		};
		AB611BE5E6C1A7BF4C7C1541 /* Sources */ = {
			isa = PBXSourcesBuildPhase;
			buildActionMask = 2147483647;
			files = (
				532EC6C6063350C5AD4F545D /* SampleHandler.swift in Sources */,
			);
			runOnlyForDeploymentPostprocessing = 0;
		};
		DD7F110B2F8394902FC29320 /* Sources */ = {
			isa = PBXSourcesBuildPhase;
			buildActionMask = 2147483647;
			files = (
				1CE4C43BB4EA7DDC680037FC /* BroadcastSetupViewController.swift in Sources */,
			);
			runOnlyForDeploymentPostprocessing = 0;
		};
		E718EE2B864DF36B9EC96F17 /* Sources */ = {
			isa = PBXSourcesBuildPhase;
			buildActionMask = 2147483647;
			files = (
				B7BD3FD68510A1BE31207989 /* AppDelegate.swift in Sources */,
				8A82FD9C271BDDF778F4720D /* ChangeAllRoleViewController.swift in Sources */,
				B12004B282B02844BD287F6A /* ChatTableViewCell.swift in Sources */,
				19AA22554F7943D8E74741B6 /* ChatViewController.swift in Sources */,
				BDAC920D0C308AB7E5E189A6 /* Constants.swift in Sources */,
				EEBE69FFFDEF72D7ED570E6A /* FirebaseInteractor.swift in Sources */,
				74CA0E78100B4424C5F7783B /* GrayscaleVideoPlugin.swift in Sources */,
				9B018DA428482158080F289B /* HLSSettingsViewController.swift in Sources */,
				51C10E23B65D21AC2223CD7B /* HLSStatsModel.swift in Sources */,
				8829D8AC2B5341DDF967C816 /* HLSStatsView.swift in Sources */,
				601487372D3041DDDB5C24E2 /* HLSStreamViewController.swift in Sources */,
				463653C5C5439A2874218B7A /* HMSSDKInteractor.swift in Sources */,
				BB1B1A7AA6256FD71A442B09 /* ImagePreviewView.swift in Sources */,
				AFB263213151D7C79AA6A62A /* LoginViewController.swift in Sources */,
				E47F5A584542C4DE9F8FAE3F /* MeetingViewController.swift in Sources */,
				BB30784E475EE2DD62E4DA80 /* MeetingViewModel.swift in Sources */,
				63CF21BB5A352D1928F7E709 /* MusicControlView.swift in Sources */,
				18EB23970E7005E469CB9332 /* NetworkQualityView.swift in Sources */,
				B12D65205E7A03E5AAC14138 /* PeerMetadata.swift in Sources */,
				A5599682E45BE5C120B231E5 /* PeersListTableViewCell.swift in Sources */,
				0D0B1DB21E90B8751520F093 /* PeersListViewController.swift in Sources */,
				C6EBA3D77538F76D749B6E04 /* PiPController.swift in Sources */,
				45DBE95C6D70E6EFBFFFF442 /* PiPView.swift in Sources */,
				71A85ED88606A15D9D0FDA30 /* PreJoinPreviewViewController.swift in Sources */,
				5B274F17D6399DD36AC13F73 /* PreviewPeersListViewController.swift in Sources */,
				719171EC2BC2494A2F59391A /* PreviewViewController.swift in Sources */,
				257821C2CA3AB544D217CE4B /* RTMPSettingsViewController.swift in Sources */,
				C52B0ABD176FB911059F2FED /* RolePreviewViewController.swift in Sources */,
				94677D290C7D919C38B4F938 /* RoomService.swift in Sources */,
				8E31E6AF52E77AAA8F51B2F3 /* RoomStateViewController.swift in Sources */,
				D805806EC593168F0C445EFF /* SettingsViewController.swift in Sources */,
				4E4796E88134EA09BCED4556 /* TokenEndpoint.swift in Sources */,
				7CF7051C99B75F2ADDD69D9A /* Utilities.swift in Sources */,
				FF18AB5EB7F972F3178CA05C /* VideoCollectionViewCell.swift in Sources */,
				71EB3E3EDC82AA8204FB1C88 /* VolumeView.swift in Sources */,
			);
			runOnlyForDeploymentPostprocessing = 0;
		};
/* End PBXSourcesBuildPhase section */

/* Begin PBXTargetDependency section */
		9C0C042E3565DF2EE3373DA4 /* PBXTargetDependency */ = {
			isa = PBXTargetDependency;
			target = 857F4A6E3942AA7F98C6FC06 /* HMSSDKExample */;
			targetProxy = 64856EE542A9E9C303DD924D /* PBXContainerItemProxy */;
		};
		C7D6311A50DFC0222700A7B1 /* PBXTargetDependency */ = {
			isa = PBXTargetDependency;
			target = 22AAAAB4C63EA5623DA60ACC /* HMSScreenShareSetupUI */;
			targetProxy = 8C868289313FD6881F74859B /* PBXContainerItemProxy */;
		};
		E855B589737C3D012243D505 /* PBXTargetDependency */ = {
			isa = PBXTargetDependency;
			target = E7497A3E379BF9A65D7D9E32 /* HMSScreenShare */;
			targetProxy = ACD8DF957816C5AE9AAB8D26 /* PBXContainerItemProxy */;
		};
/* End PBXTargetDependency section */

/* Begin PBXVariantGroup section */
		2495B8B93F454B952C45BF13 /* Meeting.storyboard */ = {
			isa = PBXVariantGroup;
			children = (
				2764D42259AE2CA3CC0B3532 /* Base */,
				22FEB13F1D44F9D6D34449B7 /* en */,
			);
			name = Meeting.storyboard;
			sourceTree = "<group>";
		};
		38D99F9FDDBC3C62ED966FC5 /* Settings.storyboard */ = {
			isa = PBXVariantGroup;
			children = (
				83D08B0A91C3679D8617E15E /* Base */,
				80AC8C642C5B2CF3C0D6F226 /* en */,
			);
			name = Settings.storyboard;
			sourceTree = "<group>";
		};
		B2895437663D375598A96BF3 /* Chat.storyboard */ = {
			isa = PBXVariantGroup;
			children = (
				E2FB0F4A138DF7DE7825A4EC /* Base */,
				BF90789ABEE7255CAC318407 /* en */,
			);
			name = Chat.storyboard;
			sourceTree = "<group>";
		};
		BC1B8154D8407A9141EE4E46 /* LaunchScreen.storyboard */ = {
			isa = PBXVariantGroup;
			children = (
				666ECFED105EB311F5B51F88 /* Base */,
				D74BA381B76C751C3584475F /* en */,
			);
			name = LaunchScreen.storyboard;
			sourceTree = "<group>";
		};
		EDF53578E1A99241026D0B5B /* PeersList.storyboard */ = {
			isa = PBXVariantGroup;
			children = (
				8BB09EA688E71470FC5C795B /* Base */,
				7096554F532BA7E9F9D46F35 /* en */,
			);
			name = PeersList.storyboard;
			sourceTree = "<group>";
		};
		F1DDC479FF90B33482780B48 /* Login.storyboard */ = {
			isa = PBXVariantGroup;
			children = (
				A828399BE66D9DF332EC3F57 /* Base */,
				8932EAE451B3B2019EBC7110 /* en */,
			);
			name = Login.storyboard;
			sourceTree = "<group>";
		};
/* End PBXVariantGroup section */

/* Begin XCBuildConfiguration section */
		06409710FE76BABA9DD1DC7F /* Release */ = {
			isa = XCBuildConfiguration;
			buildSettings = {
				CODE_SIGN_ENTITLEMENTS = HMSScreenShareSetupUI/HMSScreenShareSetupUI.entitlements;
				CODE_SIGN_IDENTITY = "iPhone Developer";
				CODE_SIGN_STYLE = Manual;
				CURRENT_PROJECT_VERSION = 305;
				DEVELOPMENT_TEAM = 5N85PP82A9;
				ENABLE_BITCODE = NO;
				"EXCLUDED_ARCHS[sdk=iphonesimulator*]" = arm64;
				GENERATE_INFOPLIST_FILE = YES;
				INFOPLIST_FILE = HMSScreenShareSetupUI/Info.plist;
				INFOPLIST_KEY_CFBundleDisplayName = HMSScreenShareSetupUI;
				INFOPLIST_KEY_NSHumanReadableCopyright = "Copyright © 2022 100ms. All rights reserved.";
				IPHONEOS_DEPLOYMENT_TARGET = 13.0;
				MARKETING_VERSION = 1.1.72;
				PRODUCT_BUNDLE_IDENTIFIER = live.100ms.videoapp.screenshare.setup;
				PRODUCT_NAME = "$(TARGET_NAME)";
				PROVISIONING_PROFILE_SPECIFIER = "match Development live.100ms.videoapp.screenshare.setup";
				"PROVISIONING_PROFILE_SPECIFIER[sdk=macosx*]" = "";
				SKIP_INSTALL = YES;
				SUPPORTS_MACCATALYST = NO;
				SWIFT_VERSION = 5.0;
				TARGETED_DEVICE_FAMILY = "1,2";
			};
			name = Release;
		};
		1660497375F4B9D0E23A9DBD /* Release */ = {
			isa = XCBuildConfiguration;
			buildSettings = {
				IPHONEOS_DEPLOYMENT_TARGET = 13.0;
				SDKROOT = iphoneos;
			};
			name = Release;
		};
		3A19B00B8FB512D3A6F2931E /* Release */ = {
			isa = XCBuildConfiguration;
			baseConfigurationReference = 4565E4A3703BB9FD5A18C65C /* Pods-HMSSDKExampleTests.release.xcconfig */;
			buildSettings = {
				INFOPLIST_FILE = Tests/Info.plist;
				TEST_HOST = "$(BUILT_PRODUCTS_DIR)/HMSSDKExample.app/HMSSDKExample";
			};
			name = Release;
		};
		66917588E8CA557C465B6556 /* Release */ = {
			isa = XCBuildConfiguration;
			baseConfigurationReference = 74706D8ACA796B74D500FB11 /* Pods-HMSScreenShare.release.xcconfig */;
			buildSettings = {
				CODE_SIGN_ENTITLEMENTS = HMSScreenShare/HMSScreenShareRelease.entitlements;
				CODE_SIGN_IDENTITY = "iPhone Developer";
				"CODE_SIGN_IDENTITY[sdk=macosx*]" = "Apple Development";
				CODE_SIGN_STYLE = Manual;
				CURRENT_PROJECT_VERSION = 305;
				DEVELOPMENT_TEAM = 5N85PP82A9;
				ENABLE_BITCODE = NO;
				"EXCLUDED_ARCHS[sdk=iphonesimulator*]" = arm64;
				GENERATE_INFOPLIST_FILE = YES;
				INFOPLIST_FILE = HMSScreenShare/Info.plist;
				INFOPLIST_KEY_CFBundleDisplayName = HMSScreenShare;
				INFOPLIST_KEY_NSHumanReadableCopyright = "Copyright © 2022 100ms. All rights reserved.";
				IPHONEOS_DEPLOYMENT_TARGET = 13.0;
				MARKETING_VERSION = 1.1.72;
				PRODUCT_BUNDLE_IDENTIFIER = live.100ms.videoapp.screenshare;
				PRODUCT_NAME = "$(TARGET_NAME)";
				PROVISIONING_PROFILE_SPECIFIER = "match Development live.100ms.videoapp.screenshare";
				"PROVISIONING_PROFILE_SPECIFIER[sdk=macosx*]" = "";
				SKIP_INSTALL = YES;
				SUPPORTS_MACCATALYST = NO;
				SWIFT_OBJC_BRIDGING_HEADER = "HMSScreenShare/HMSScreenShare-Bridging-Header.h";
				SWIFT_VERSION = 5.0;
				TARGETED_DEVICE_FAMILY = "1,2";
			};
			name = Release;
		};
		72FB4D48FB66190D7924E386 /* Release */ = {
			isa = XCBuildConfiguration;
			baseConfigurationReference = 4FF1ABDAD342334F6EB3A50E /* Pods-HMSSDKExample.release.xcconfig */;
			buildSettings = {
				CODE_SIGN_ENTITLEMENTS = HMSSDKExample/SupportingFiles/HMSSDKExample.entitlements;
				CODE_SIGN_IDENTITY = "iPhone Developer";
				"CODE_SIGN_IDENTITY[sdk=macosx*]" = "Apple Development";
				CODE_SIGN_STYLE = Manual;
				CURRENT_PROJECT_VERSION = 305;
				DEVELOPMENT_TEAM = 5N85PP82A9;
				ENABLE_BITCODE = NO;
				INFOPLIST_FILE = HMSSDKExample/SupportingFiles/Info.plist;
				IPHONEOS_DEPLOYMENT_TARGET = 13.0;
				MARKETING_VERSION = 1.1.72;
				PRODUCT_BUNDLE_IDENTIFIER = live.100ms.videoapp;
				PRODUCT_NAME = "$(TARGET_NAME)";
				PROVISIONING_PROFILE_SPECIFIER = "match Development live.100ms.videoapp";
				"PROVISIONING_PROFILE_SPECIFIER[sdk=macosx*]" = "";
				SWIFT_VERSION = 5.0;
				TARGETED_DEVICE_FAMILY = "1,2";
			};
			name = Release;
		};
		81C3032F613CEB15C57B094A /* Debug */ = {
			isa = XCBuildConfiguration;
			baseConfigurationReference = 6C26C17725E9A9C104932406 /* Pods-HMSScreenShare.debug.xcconfig */;
			buildSettings = {
				CODE_SIGN_ENTITLEMENTS = HMSScreenShare/HMSScreenShareRelease.entitlements;
				CODE_SIGN_IDENTITY = "iPhone Developer";
				"CODE_SIGN_IDENTITY[sdk=macosx*]" = "Apple Development";
				CODE_SIGN_STYLE = Manual;
				CURRENT_PROJECT_VERSION = 305;
				DEVELOPMENT_TEAM = 5N85PP82A9;
				ENABLE_BITCODE = NO;
				"EXCLUDED_ARCHS[sdk=iphonesimulator*]" = arm64;
				GENERATE_INFOPLIST_FILE = YES;
				INFOPLIST_FILE = HMSScreenShare/Info.plist;
				INFOPLIST_KEY_CFBundleDisplayName = HMSScreenShare;
				INFOPLIST_KEY_NSHumanReadableCopyright = "Copyright © 2022 100ms. All rights reserved.";
				IPHONEOS_DEPLOYMENT_TARGET = 13.0;
				MARKETING_VERSION = 1.1.72;
				PRODUCT_BUNDLE_IDENTIFIER = live.100ms.videoapp.screenshare;
				PRODUCT_NAME = "$(TARGET_NAME)";
				PROVISIONING_PROFILE_SPECIFIER = "match Development live.100ms.videoapp.screenshare";
				"PROVISIONING_PROFILE_SPECIFIER[sdk=macosx*]" = "";
				SKIP_INSTALL = YES;
				SUPPORTS_MACCATALYST = NO;
				SWIFT_OBJC_BRIDGING_HEADER = "HMSScreenShare/HMSScreenShare-Bridging-Header.h";
				SWIFT_VERSION = 5.0;
				TARGETED_DEVICE_FAMILY = "1,2";
			};
			name = Debug;
		};
		832411D19918B12AD465AED8 /* Debug */ = {
			isa = XCBuildConfiguration;
			baseConfigurationReference = 880C29E34E2AE083725A26B8 /* Pods-HMSSDKExample.debug.xcconfig */;
			buildSettings = {
				CODE_SIGN_ENTITLEMENTS = HMSSDKExample/SupportingFiles/HMSSDKExample.entitlements;
				CODE_SIGN_IDENTITY = "iPhone Developer";
				"CODE_SIGN_IDENTITY[sdk=macosx*]" = "Apple Development";
				CODE_SIGN_STYLE = Manual;
				CURRENT_PROJECT_VERSION = 305;
				DEVELOPMENT_TEAM = 5N85PP82A9;
				ENABLE_BITCODE = NO;
				INFOPLIST_FILE = HMSSDKExample/SupportingFiles/Info.plist;
				IPHONEOS_DEPLOYMENT_TARGET = 13.0;
				MARKETING_VERSION = 1.1.72;
				PRODUCT_BUNDLE_IDENTIFIER = live.100ms.videoapp;
				PRODUCT_NAME = "$(TARGET_NAME)";
				PROVISIONING_PROFILE_SPECIFIER = "match Development live.100ms.videoapp";
				"PROVISIONING_PROFILE_SPECIFIER[sdk=macosx*]" = "";
				SWIFT_VERSION = 5.0;
				TARGETED_DEVICE_FAMILY = "1,2";
			};
			name = Debug;
		};
		9DA100F98B73AE249B668C1C /* Debug */ = {
			isa = XCBuildConfiguration;
			buildSettings = {
				IPHONEOS_DEPLOYMENT_TARGET = 13.0;
				SDKROOT = iphoneos;
			};
			name = Debug;
		};
		AFC4013F43308F684EFE83E1 /* Debug */ = {
			isa = XCBuildConfiguration;
			buildSettings = {
				CODE_SIGN_ENTITLEMENTS = HMSScreenShareSetupUI/HMSScreenShareSetupUI.entitlements;
				CODE_SIGN_IDENTITY = "iPhone Developer";
				CODE_SIGN_STYLE = Manual;
				CURRENT_PROJECT_VERSION = 305;
				DEVELOPMENT_TEAM = 5N85PP82A9;
				ENABLE_BITCODE = NO;
				"EXCLUDED_ARCHS[sdk=iphonesimulator*]" = arm64;
				GENERATE_INFOPLIST_FILE = YES;
				INFOPLIST_FILE = HMSScreenShareSetupUI/Info.plist;
				INFOPLIST_KEY_CFBundleDisplayName = HMSScreenShareSetupUI;
				INFOPLIST_KEY_NSHumanReadableCopyright = "Copyright © 2022 100ms. All rights reserved.";
				IPHONEOS_DEPLOYMENT_TARGET = 13.0;
				MARKETING_VERSION = 1.1.72;
				PRODUCT_BUNDLE_IDENTIFIER = live.100ms.videoapp.screenshare.setup;
				PRODUCT_NAME = "$(TARGET_NAME)";
				PROVISIONING_PROFILE_SPECIFIER = "match Development live.100ms.videoapp.screenshare.setup";
				"PROVISIONING_PROFILE_SPECIFIER[sdk=macosx*]" = "";
				SKIP_INSTALL = YES;
				SUPPORTS_MACCATALYST = NO;
				SWIFT_VERSION = 5.0;
				TARGETED_DEVICE_FAMILY = "1,2";
			};
			name = Debug;
		};
		B1C64ECAF128774A365A4443 /* Debug */ = {
			isa = XCBuildConfiguration;
			baseConfigurationReference = 062D2EAA93B6344F1444F6C1 /* Pods-HMSSDKExampleTests.debug.xcconfig */;
			buildSettings = {
				INFOPLIST_FILE = Tests/Info.plist;
				TEST_HOST = "$(BUILT_PRODUCTS_DIR)/HMSSDKExample.app/HMSSDKExample";
			};
			name = Debug;
		};
/* End XCBuildConfiguration section */

/* Begin XCConfigurationList section */
		2ECBBFA07BCCACB478DC287A /* Build configuration list for PBXProject "HMSSDKExample" */ = {
			isa = XCConfigurationList;
			buildConfigurations = (
				9DA100F98B73AE249B668C1C /* Debug */,
				1660497375F4B9D0E23A9DBD /* Release */,
			);
			defaultConfigurationIsVisible = 0;
			defaultConfigurationName = Debug;
		};
		50E5BCF9AC71D999A04D6C82 /* Build configuration list for PBXNativeTarget "HMSSDKExample" */ = {
			isa = XCConfigurationList;
			buildConfigurations = (
				832411D19918B12AD465AED8 /* Debug */,
				72FB4D48FB66190D7924E386 /* Release */,
			);
			defaultConfigurationIsVisible = 0;
			defaultConfigurationName = Debug;
		};
		5509D6539B5409E64BE21353 /* Build configuration list for PBXNativeTarget "HMSScreenShareSetupUI" */ = {
			isa = XCConfigurationList;
			buildConfigurations = (
				AFC4013F43308F684EFE83E1 /* Debug */,
				06409710FE76BABA9DD1DC7F /* Release */,
			);
			defaultConfigurationIsVisible = 0;
			defaultConfigurationName = Debug;
		};
		EE8380592D78EAB1246CBFDD /* Build configuration list for PBXNativeTarget "HMSSDKExampleTests" */ = {
			isa = XCConfigurationList;
			buildConfigurations = (
				B1C64ECAF128774A365A4443 /* Debug */,
				3A19B00B8FB512D3A6F2931E /* Release */,
			);
			defaultConfigurationIsVisible = 0;
			defaultConfigurationName = Debug;
		};
		FD5AF66CF5C0A042F211BCD3 /* Build configuration list for PBXNativeTarget "HMSScreenShare" */ = {
			isa = XCConfigurationList;
			buildConfigurations = (
				81C3032F613CEB15C57B094A /* Debug */,
				66917588E8CA557C465B6556 /* Release */,
			);
			defaultConfigurationIsVisible = 0;
			defaultConfigurationName = Debug;
		};
/* End XCConfigurationList section */
	};
	rootObject = FF6075173E51A3FF9EF4AEE5 /* Project object */;
}
