{
  "pins" : [
    {
      "identity" : "100ms-ios-broadcast-sdk",
      "kind" : "remoteSourceControl",
      "location" : "https://github.com/100mslive/100ms-ios-broadcast-sdk",
      "state" : {
        "revision" : "5a6c817292ff786ee08e44b31ee6e6a7b9a52631",
        "version" : "1.0.0"
      }
    },
    {
      "identity" : "100ms-ios-sdk",
      "kind" : "remoteSourceControl",
      "location" : "https://github.com/100mslive/100ms-ios-sdk",
      "state" : {
        "revision" : "d6500e9552de6e3e7ea50653e1b8baa18d97bf82",
        "version" : "0.5.3"
      }
    }
  ],
  "version" : 2
}
