PODS:
  - HMSSDK (0.5.3):
    - HMSWebRTC (= 1.0.5113)
  - HMSWebRTC (1.0.5113)

DEPENDENCIES:
  - HMSSDK

SPEC REPOS:
  trunk:
    - HMSSDK
    - HMSWebRTC

SPEC CHECKSUMS:
  HMSSDK: 5dd09ec0438539722122e0970dce43e67471c6ab
  HMSWebRTC: 6bd851709766bf4b28fd89046a65654e86741aed

PODFILE CHECKSUM: 3830a371a0ed990161e116c0a01110fc624d7b1e

COCOAPODS: 1.11.3
