PODS:
  - HMSSDK (0.5.2):
    - HMSWebRTC (= 1.0.4898)
  - HMSWebRTC (1.0.4898)

DEPENDENCIES:
  - HMSSDK

SPEC REPOS:
  trunk:
    - HMSSDK
    - HMSWebRTC

SPEC CHECKSUMS:
  HMSSDK: fbcca0469fe3e0d3d812dcccc30322b17e37cb1d
  HMSWebRTC: d3a9b2866e4a36a1d3834728a548a4a46309bb86

PODFILE CHECKSUM: 3830a371a0ed990161e116c0a01110fc624d7b1e

COCOAPODS: 1.11.3
