PODS:
  - HMSSDK (0.0.12):
    - HMSWebRTC (= 1.0.4516)
  - HMSWebRTC (1.0.4516)

DEPENDENCIES:
  - HMSSDK

SPEC REPOS:
  trunk:
    - HMSSDK
    - HMSWebRTC

SPEC CHECKSUMS:
  HMSSDK: 95e3445835763f3cd7cac84f0a6e6e8f8e037bdd
  HMSWebRTC: 0dbcff2b03adf79ce6f1129e541af5dc342ed88f

PODFILE CHECKSUM: 3830a371a0ed990161e116c0a01110fc624d7b1e

COCOAPODS: 1.11.0
